// !$*UTF8*$!
{
	archiveVersion = 1;
	classes = {
	};
	objectVersion = 51;
	objects = {

/* Begin PBXBuildFile section */
		040F56DA23946600009CB1A9 /* AdminAnalyticsView.swift in Sources */ = {isa = PBXBuildFile; fileRef = 040F56D923946600009CB1A9 /* AdminAnalyticsView.swift */; };
		0415EC37225E5C1C009BCBC7 /* LocationProvider.swift in Sources */ = {isa = PBXBuildFile; fileRef = 0415EC36225E5C1C009BCBC7 /* LocationProvider.swift */; };
		0415EC39225E6086009BCBC7 /* Observable.swift in Sources */ = {isa = PBXBuildFile; fileRef = 0415EC38225E6086009BCBC7 /* Observable.swift */; };
		041724B62378545C00E0A5D9 /* AdminPlacesVM.swift in Sources */ = {isa = PBXBuildFile; fileRef = 041724B52378545C00E0A5D9 /* AdminPlacesVM.swift */; };
		041724B82378546800E0A5D9 /* AdminPlacesVC.swift in Sources */ = {isa = PBXBuildFile; fileRef = 041724B72378546800E0A5D9 /* AdminPlacesVC.swift */; };
		041724BB237856BA00E0A5D9 /* AdminSettingsCoordinator.swift in Sources */ = {isa = PBXBuildFile; fileRef = 041724BA237856BA00E0A5D9 /* AdminSettingsCoordinator.swift */; };
		041724BD23787A8A00E0A5D9 /* CardVC.swift in Sources */ = {isa = PBXBuildFile; fileRef = 041724BC23787A8A00E0A5D9 /* CardVC.swift */; };
		041724BF2378850800E0A5D9 /* PlaceId.swift in Sources */ = {isa = PBXBuildFile; fileRef = 041724BE2378850800E0A5D9 /* PlaceId.swift */; };
		041724C123788F4500E0A5D9 /* AdminPlaceCell.swift in Sources */ = {isa = PBXBuildFile; fileRef = 041724C023788F4500E0A5D9 /* AdminPlaceCell.swift */; };
		041724C52379481300E0A5D9 /* AdminPlaceAnalyticsVM.swift in Sources */ = {isa = PBXBuildFile; fileRef = 041724C42379481300E0A5D9 /* AdminPlaceAnalyticsVM.swift */; };
		041724C72379482200E0A5D9 /* AdminPlaceAnalyticsVC.swift in Sources */ = {isa = PBXBuildFile; fileRef = 041724C62379482200E0A5D9 /* AdminPlaceAnalyticsVC.swift */; };
		041D95C32253D733009ED7AB /* WebService.swift in Sources */ = {isa = PBXBuildFile; fileRef = 041D95C22253D733009ED7AB /* WebService.swift */; };
		041D95C52253D84F009ED7AB /* WebResource.swift in Sources */ = {isa = PBXBuildFile; fileRef = 041D95C42253D84F009ED7AB /* WebResource.swift */; };
		044B406A22CD37080061388C /* PopupPresenter.swift in Sources */ = {isa = PBXBuildFile; fileRef = 044B406922CD37080061388C /* PopupPresenter.swift */; };
		0454B7BE23745CC30043DEC3 /* DarkMapStyle.json in Resources */ = {isa = PBXBuildFile; fileRef = 0454B7BD23745CC30043DEC3 /* DarkMapStyle.json */; };
		046613D123846B8C00692413 /* ReserveTableVC.swift in Sources */ = {isa = PBXBuildFile; fileRef = 046613D023846B8C00692413 /* ReserveTableVC.swift */; };
		046613D323846B9F00692413 /* ReserveTableVM.swift in Sources */ = {isa = PBXBuildFile; fileRef = 046613D223846B9F00692413 /* ReserveTableVM.swift */; };
		0470E6AE2270B2E000267278 /* GoogleMap.swift in Sources */ = {isa = PBXBuildFile; fileRef = 0470E6AC2270B2DF00267278 /* GoogleMap.swift */; };
		0470E6B42270B32600267278 /* PlaceSearchTableViewCell.swift in Sources */ = {isa = PBXBuildFile; fileRef = 0470E6B02270B32600267278 /* PlaceSearchTableViewCell.swift */; };
		0470E6B52270B32600267278 /* PlaceSearchVC.swift in Sources */ = {isa = PBXBuildFile; fileRef = 0470E6B12270B32600267278 /* PlaceSearchVC.swift */; };
		0470E6B62270B32600267278 /* AutoCompleteFilter.swift in Sources */ = {isa = PBXBuildFile; fileRef = 0470E6B22270B32600267278 /* AutoCompleteFilter.swift */; };
		0470E6B72270B32600267278 /* PlaceSearchVM.swift in Sources */ = {isa = PBXBuildFile; fileRef = 0470E6B32270B32600267278 /* PlaceSearchVM.swift */; };
		0470E6BC2270B37200267278 /* ReusableView.swift in Sources */ = {isa = PBXBuildFile; fileRef = 0470E6BA2270B37100267278 /* ReusableView.swift */; };
		0470E6BD2270B37200267278 /* StringExtension.swift in Sources */ = {isa = PBXBuildFile; fileRef = 0470E6BB2270B37200267278 /* StringExtension.swift */; };
		0487FF97228EB40200A8683C /* PlaceStoryVM.swift in Sources */ = {isa = PBXBuildFile; fileRef = 0487FF90228EB40200A8683C /* PlaceStoryVM.swift */; };
		0487FF99228EB40200A8683C /* CommentTextFieldView.swift in Sources */ = {isa = PBXBuildFile; fileRef = 0487FF93228EB40200A8683C /* CommentTextFieldView.swift */; };
		0487FF9A228EB40200A8683C /* CommentsView.swift in Sources */ = {isa = PBXBuildFile; fileRef = 0487FF94228EB40200A8683C /* CommentsView.swift */; };
		0487FF9C228EB40200A8683C /* PlaceStoryVC.swift in Sources */ = {isa = PBXBuildFile; fileRef = 0487FF96228EB40200A8683C /* PlaceStoryVC.swift */; };
		0487FFA6228EB4AF00A8683C /* PlaceMarkerView.swift in Sources */ = {isa = PBXBuildFile; fileRef = 0487FF9E228EB4AE00A8683C /* PlaceMarkerView.swift */; };
		0487FFA8228EB4AF00A8683C /* TextFieldBuilder.swift in Sources */ = {isa = PBXBuildFile; fileRef = 0487FFA0228EB4AE00A8683C /* TextFieldBuilder.swift */; };
		0487FFA9228EB4AF00A8683C /* ButtonBuilder.swift in Sources */ = {isa = PBXBuildFile; fileRef = 0487FFA1228EB4AE00A8683C /* ButtonBuilder.swift */; };
		0487FFAA228EB4AF00A8683C /* NavigationBuilder.swift in Sources */ = {isa = PBXBuildFile; fileRef = 0487FFA2228EB4AE00A8683C /* NavigationBuilder.swift */; };
		0487FFAB228EB4AF00A8683C /* LoadingContainer.swift in Sources */ = {isa = PBXBuildFile; fileRef = 0487FFA3228EB4AE00A8683C /* LoadingContainer.swift */; };
		0487FFAC228EB4AF00A8683C /* LocationLabel.swift in Sources */ = {isa = PBXBuildFile; fileRef = 0487FFA4228EB4AE00A8683C /* LocationLabel.swift */; };
		0487FFAD228EB4AF00A8683C /* ViewBuilder.swift in Sources */ = {isa = PBXBuildFile; fileRef = 0487FFA5228EB4AE00A8683C /* ViewBuilder.swift */; };
		0489E8202395B2D0006B5FFC /* ReservationsTitleView.swift in Sources */ = {isa = PBXBuildFile; fileRef = 0489E81F2395B2D0006B5FFC /* ReservationsTitleView.swift */; };
		0489E8222395B5BC006B5FFC /* LabelExtension.swift in Sources */ = {isa = PBXBuildFile; fileRef = 0489E8212395B5BC006B5FFC /* LabelExtension.swift */; };
		0489E8242395BBE8006B5FFC /* ReservationsDataSource.swift in Sources */ = {isa = PBXBuildFile; fileRef = 0489E8232395BBE8006B5FFC /* ReservationsDataSource.swift */; };
		0489E8282395C006006B5FFC /* ReservationsData.swift in Sources */ = {isa = PBXBuildFile; fileRef = 0489E8272395C006006B5FFC /* ReservationsData.swift */; };
		0489E82A2395C69F006B5FFC /* ReservationCell.swift in Sources */ = {isa = PBXBuildFile; fileRef = 0489E8292395C69F006B5FFC /* ReservationCell.swift */; };
		04A6308222D10EC500CA5331 /* SearchPlaceCoordinator.swift in Sources */ = {isa = PBXBuildFile; fileRef = 04A6308122D10EC500CA5331 /* SearchPlaceCoordinator.swift */; };
		04B454F722CD315B001C7AD4 /* MediaPresenterVC.swift in Sources */ = {isa = PBXBuildFile; fileRef = 04B454F222CD315B001C7AD4 /* MediaPresenterVC.swift */; };
		04B454F822CD315B001C7AD4 /* UploadStoryVC.swift in Sources */ = {isa = PBXBuildFile; fileRef = 04B454F322CD315B001C7AD4 /* UploadStoryVC.swift */; };
		04B454F922CD315B001C7AD4 /* UploadStoryCoordinator.swift in Sources */ = {isa = PBXBuildFile; fileRef = 04B454F422CD315B001C7AD4 /* UploadStoryCoordinator.swift */; };
		04B454FA22CD315B001C7AD4 /* UploadStoryVM.swift in Sources */ = {isa = PBXBuildFile; fileRef = 04B454F522CD315B001C7AD4 /* UploadStoryVM.swift */; };
		04B454FB22CD315B001C7AD4 /* MediaPresenterVM.swift in Sources */ = {isa = PBXBuildFile; fileRef = 04B454F622CD315B001C7AD4 /* MediaPresenterVM.swift */; };
		04B454FD22CD337F001C7AD4 /* CameraSessionController.swift in Sources */ = {isa = PBXBuildFile; fileRef = 04B454FC22CD337F001C7AD4 /* CameraSessionController.swift */; };
		04B454FF22CD338A001C7AD4 /* UploadFileData.swift in Sources */ = {isa = PBXBuildFile; fileRef = 04B454FE22CD338A001C7AD4 /* UploadFileData.swift */; };
		04B4550522CD3423001C7AD4 /* GooglePlaceInteractor.swift in Sources */ = {isa = PBXBuildFile; fileRef = 04B4550322CD3423001C7AD4 /* GooglePlaceInteractor.swift */; };
		04B4550622CD3423001C7AD4 /* UploadFileInteractor.swift in Sources */ = {isa = PBXBuildFile; fileRef = 04B4550422CD3423001C7AD4 /* UploadFileInteractor.swift */; };
		04D0CCF6225731890020DF8F /* FirebaseWebService.swift in Sources */ = {isa = PBXBuildFile; fileRef = 04D0CCF5225731880020DF8F /* FirebaseWebService.swift */; };
		04D0CCF8225732220020DF8F /* WebServiceDispatcher.swift in Sources */ = {isa = PBXBuildFile; fileRef = 04D0CCF7225732220020DF8F /* WebServiceDispatcher.swift */; };
		04D0CD70225A96E00020DF8F /* ViewController.swift in Sources */ = {isa = PBXBuildFile; fileRef = 04D0CD6F225A96E00020DF8F /* ViewController.swift */; };
		04E7808922B0274900A9E3F4 /* PlaceProfileVC.swift in Sources */ = {isa = PBXBuildFile; fileRef = 04E7808522B0274900A9E3F4 /* PlaceProfileVC.swift */; };
		04E7808A22B0274900A9E3F4 /* PlaceProfileVM.swift in Sources */ = {isa = PBXBuildFile; fileRef = 04E7808622B0274900A9E3F4 /* PlaceProfileVM.swift */; };
		04E7808B22B0274900A9E3F4 /* PlaceProfileCoordinator.swift in Sources */ = {isa = PBXBuildFile; fileRef = 04E7808722B0274900A9E3F4 /* PlaceProfileCoordinator.swift */; };
		04E7808C22B0274900A9E3F4 /* PlaceProfileView.swift in Sources */ = {isa = PBXBuildFile; fileRef = 04E7808822B0274900A9E3F4 /* PlaceProfileView.swift */; };
		04E7808E22B0279000A9E3F4 /* DateUtils.swift in Sources */ = {isa = PBXBuildFile; fileRef = 04E7808D22B0279000A9E3F4 /* DateUtils.swift */; };
		04E7809322B027CF00A9E3F4 /* Colors.swift in Sources */ = {isa = PBXBuildFile; fileRef = 04E7809222B027CF00A9E3F4 /* Colors.swift */; };
		04E7809522B0280500A9E3F4 /* ExternalPlaceData.swift in Sources */ = {isa = PBXBuildFile; fileRef = 04E7809422B0280500A9E3F4 /* ExternalPlaceData.swift */; };
		223F407E23C3C53400AE8EDF /* PlaceMenuVC.swift in Sources */ = {isa = PBXBuildFile; fileRef = 223F407D23C3C53400AE8EDF /* PlaceMenuVC.swift */; };
		223F408023C3C55500AE8EDF /* PlaceMenuVM.swift in Sources */ = {isa = PBXBuildFile; fileRef = 223F407F23C3C55500AE8EDF /* PlaceMenuVM.swift */; };
		4D0705A122D15579009D6236 /* Comment.swift in Sources */ = {isa = PBXBuildFile; fileRef = 4D07059E22D15579009D6236 /* Comment.swift */; };
		4D0705A222D1557A009D6236 /* PlaceInfo.swift in Sources */ = {isa = PBXBuildFile; fileRef = 4D07059F22D15579009D6236 /* PlaceInfo.swift */; };
		4D0705A322D1557A009D6236 /* PlaceMedia.swift in Sources */ = {isa = PBXBuildFile; fileRef = 4D0705A022D15579009D6236 /* PlaceMedia.swift */; };
		4D0705AB22D1558B009D6236 /* MapSearchVC.swift in Sources */ = {isa = PBXBuildFile; fileRef = 4D0705A522D1558B009D6236 /* MapSearchVC.swift */; };
		4D0705AC22D1558B009D6236 /* MapCoordinator.swift in Sources */ = {isa = PBXBuildFile; fileRef = 4D0705A622D1558B009D6236 /* MapCoordinator.swift */; };
		4D0705AD22D1558B009D6236 /* MapVM.swift in Sources */ = {isa = PBXBuildFile; fileRef = 4D0705A722D1558B009D6236 /* MapVM.swift */; };
		4D0705AE22D1558B009D6236 /* MapVC.swift in Sources */ = {isa = PBXBuildFile; fileRef = 4D0705A822D1558B009D6236 /* MapVC.swift */; };
		4D0705AF22D1558B009D6236 /* MapSearchTableViewCell.swift in Sources */ = {isa = PBXBuildFile; fileRef = 4D0705A922D1558B009D6236 /* MapSearchTableViewCell.swift */; };
		4D0705B022D1558B009D6236 /* MapSearchVM.swift in Sources */ = {isa = PBXBuildFile; fileRef = 4D0705AA22D1558B009D6236 /* MapSearchVM.swift */; };
		4D0705B622D155AB009D6236 /* CommentCell.swift in Sources */ = {isa = PBXBuildFile; fileRef = 4D0705B122D155AA009D6236 /* CommentCell.swift */; };
		4D0705B722D155AB009D6236 /* CommentsInteractor.swift in Sources */ = {isa = PBXBuildFile; fileRef = 4D0705B222D155AA009D6236 /* CommentsInteractor.swift */; };
		4D0705BD22D15799009D6236 /* StoriesInteractor.swift in Sources */ = {isa = PBXBuildFile; fileRef = 4D0705BC22D15799009D6236 /* StoriesInteractor.swift */; };
		4D0705BF22D157B1009D6236 /* PlaceStoryCoordinator.swift in Sources */ = {isa = PBXBuildFile; fileRef = 4D0705BE22D157B1009D6236 /* PlaceStoryCoordinator.swift */; };
		4D645EA322B0423B00016EF7 /* LoginVC.swift in Sources */ = {isa = PBXBuildFile; fileRef = 4D645E9D22B0423A00016EF7 /* LoginVC.swift */; };
		4D645EA422B0423B00016EF7 /* LoginVM.swift in Sources */ = {isa = PBXBuildFile; fileRef = 4D645E9E22B0423A00016EF7 /* LoginVM.swift */; };
		4D645EA522B0423B00016EF7 /* AppInfoView.swift in Sources */ = {isa = PBXBuildFile; fileRef = 4D645EA022B0423A00016EF7 /* AppInfoView.swift */; };
		4D645EA622B0423B00016EF7 /* AppInfosView.swift in Sources */ = {isa = PBXBuildFile; fileRef = 4D645EA122B0423A00016EF7 /* AppInfosView.swift */; };
		4D645EA722B0423B00016EF7 /* LoginSelectionView.swift in Sources */ = {isa = PBXBuildFile; fileRef = 4D645EA222B0423A00016EF7 /* LoginSelectionView.swift */; };
		4D645EA922B0426700016EF7 /* LoginCoordinator.swift in Sources */ = {isa = PBXBuildFile; fileRef = 4D645EA822B0426700016EF7 /* LoginCoordinator.swift */; };
		4D645EAB22B043B900016EF7 /* UIColorExtension.swift in Sources */ = {isa = PBXBuildFile; fileRef = 4D645EAA22B043B900016EF7 /* UIColorExtension.swift */; };
		4DA64E9622C4041F001D5A1A /* LogoutInteractor.swift in Sources */ = {isa = PBXBuildFile; fileRef = 4DA64E9522C4041F001D5A1A /* LogoutInteractor.swift */; };
		4DA64E9822C4067B001D5A1A /* LogoutWebService.swift in Sources */ = {isa = PBXBuildFile; fileRef = 4DA64E9722C4067B001D5A1A /* LogoutWebService.swift */; };
		4DA64E9A22C7F99B001D5A1A /* PlaceImageView.swift in Sources */ = {isa = PBXBuildFile; fileRef = 4DA64E9922C7F99B001D5A1A /* PlaceImageView.swift */; };
		4DAF17BC22CE9AA3004F7DB7 /* ExternalNavigationProvider.swift in Sources */ = {isa = PBXBuildFile; fileRef = 4DAF17BB22CE9AA3004F7DB7 /* ExternalNavigationProvider.swift */; };
		4DDA117522B4429300CA0220 /* UserProfileView.swift in Sources */ = {isa = PBXBuildFile; fileRef = 4DDA117422B4429300CA0220 /* UserProfileView.swift */; };
		4DDA117C22B58F9800CA0220 /* SignInWithDizzyVC.swift in Sources */ = {isa = PBXBuildFile; fileRef = 4DDA117822B58F9800CA0220 /* SignInWithDizzyVC.swift */; };
		4DDA117D22B58F9800CA0220 /* SignInDetailsView.swift in Sources */ = {isa = PBXBuildFile; fileRef = 4DDA117922B58F9800CA0220 /* SignInDetailsView.swift */; };
		4DDA117E22B58F9800CA0220 /* SignInInteractor.swift in Sources */ = {isa = PBXBuildFile; fileRef = 4DDA117A22B58F9800CA0220 /* SignInInteractor.swift */; };
		4DDA117F22B58F9800CA0220 /* SignInWithDizzyVM.swift in Sources */ = {isa = PBXBuildFile; fileRef = 4DDA117B22B58F9800CA0220 /* SignInWithDizzyVM.swift */; };
		4DDA118122B596CE00CA0220 /* SignInWebservice.swift in Sources */ = {isa = PBXBuildFile; fileRef = 4DDA118022B596CD00CA0220 /* SignInWebservice.swift */; };
		4DFBA48122BEB3C100BB0F4F /* SignInDetails.swift in Sources */ = {isa = PBXBuildFile; fileRef = 4DFBA48022BEB3C100BB0F4F /* SignInDetails.swift */; };
		4DFBA48422BEB8B600BB0F4F /* KeyboardHandler.swift in Sources */ = {isa = PBXBuildFile; fileRef = 4DFBA48322BEB8B600BB0F4F /* KeyboardHandler.swift */; };
		4DFBA48622BEC5D800BB0F4F /* InputValidator.swift in Sources */ = {isa = PBXBuildFile; fileRef = 4DFBA48522BEC5D800BB0F4F /* InputValidator.swift */; };
		50C3CDC80D9DEBCFA8064E87 /* Pods_Dizzy.framework in Frameworks */ = {isa = PBXBuildFile; fileRef = E32798061D4068D236FB9EFB /* Pods_Dizzy.framework */; };
		5C50852823B263EF0068D432 /* dizzySplash.mp4 in Resources */ = {isa = PBXBuildFile; fileRef = 5C50852723B263EF0068D432 /* dizzySplash.mp4 */; };
		6355854523854EC300E595D1 /* LaunchScreen.storyboard in Resources */ = {isa = PBXBuildFile; fileRef = 6355854423854EC300E595D1 /* LaunchScreen.storyboard */; };
		76590E21225B459700E7986A /* PlacesListFlowLayout.swift in Sources */ = {isa = PBXBuildFile; fileRef = 76590E20225B459700E7986A /* PlacesListFlowLayout.swift */; };
		76AC2B27225BB105005B556F /* DiscoveryTopBar.swift in Sources */ = {isa = PBXBuildFile; fileRef = 76AC2B26225BB105005B556F /* DiscoveryTopBar.swift */; };
		76B41EA4224EE9FA00C1A290 /* AppDelegate.swift in Sources */ = {isa = PBXBuildFile; fileRef = 76B41EA3224EE9FA00C1A290 /* AppDelegate.swift */; };
		76B41EAB224EE9FC00C1A290 /* Assets.xcassets in Resources */ = {isa = PBXBuildFile; fileRef = 76B41EAA224EE9FC00C1A290 /* Assets.xcassets */; };
		76B41EB6224EF16200C1A290 /* Assembly.swift in Sources */ = {isa = PBXBuildFile; fileRef = 76B41EB5224EF16200C1A290 /* Assembly.swift */; };
		76B41EB8224EF3D400C1A290 /* GoogleService-Info.plist in Resources */ = {isa = PBXBuildFile; fileRef = 76B41EB7224EF3D400C1A290 /* GoogleService-Info.plist */; };
		76B41EBC2250C8C200C1A290 /* Coordinator.swift in Sources */ = {isa = PBXBuildFile; fileRef = 76B41EBB2250C8C200C1A290 /* Coordinator.swift */; };
		76B41EBE2250C8ED00C1A290 /* AppCoordinator.swift in Sources */ = {isa = PBXBuildFile; fileRef = 76B41EBD2250C8ED00C1A290 /* AppCoordinator.swift */; };
		76B41EC42251271700C1A290 /* CoordinatorKey.swift in Sources */ = {isa = PBXBuildFile; fileRef = 76B41EC32251271700C1A290 /* CoordinatorKey.swift */; };
		76B41EC622520B0800C1A290 /* HomeCoordinator.swift in Sources */ = {isa = PBXBuildFile; fileRef = 76B41EC522520B0800C1A290 /* HomeCoordinator.swift */; };
		76B41ECB2252149000C1A290 /* TabItem.swift in Sources */ = {isa = PBXBuildFile; fileRef = 76B41ECA2252149000C1A290 /* TabItem.swift */; };
		76B41ED122522A1700C1A290 /* DiscoveryVC.swift in Sources */ = {isa = PBXBuildFile; fileRef = 76B41ED022522A1700C1A290 /* DiscoveryVC.swift */; };
		76B41ED322522A4000C1A290 /* DiscoveryVM.swift in Sources */ = {isa = PBXBuildFile; fileRef = 76B41ED222522A4000C1A290 /* DiscoveryVM.swift */; };
		76B41ED6225230EC00C1A290 /* ConversationsViewModel.swift in Sources */ = {isa = PBXBuildFile; fileRef = 76B41ED5225230EC00C1A290 /* ConversationsViewModel.swift */; };
		76B41ED82252312E00C1A290 /* ConversationsVC.swift in Sources */ = {isa = PBXBuildFile; fileRef = 76B41ED72252312E00C1A290 /* ConversationsVC.swift */; };
		76B41EDA2253381900C1A290 /* Images.swift in Sources */ = {isa = PBXBuildFile; fileRef = 76B41ED92253381900C1A290 /* Images.swift */; };
		76B41EDD225348BE00C1A290 /* NearByPlacesView.swift in Sources */ = {isa = PBXBuildFile; fileRef = 76B41EDC225348BE00C1A290 /* NearByPlacesView.swift */; };
		76B41EE022534A6E00C1A290 /* UIViewExtension.swift in Sources */ = {isa = PBXBuildFile; fileRef = 76B41EDF22534A6E00C1A290 /* UIViewExtension.swift */; };
		76B41EE222534C1C00C1A290 /* Metrics.swift in Sources */ = {isa = PBXBuildFile; fileRef = 76B41EE122534C1C00C1A290 /* Metrics.swift */; };
		76B41EE622535B3D00C1A290 /* Fonts.swift in Sources */ = {isa = PBXBuildFile; fileRef = 76B41EE522535B3D00C1A290 /* Fonts.swift */; };
		76B41EE92253871200C1A290 /* DiscoveryPlaceCell.swift in Sources */ = {isa = PBXBuildFile; fileRef = 76B41EE82253871200C1A290 /* DiscoveryPlaceCell.swift */; };
		770972432264FCF50042D6EE /* PlacesInteractor.swift in Sources */ = {isa = PBXBuildFile; fileRef = 770972422264FCF50042D6EE /* PlacesInteractor.swift */; };
		7752953522CD3F0E009A85C1 /* VideoView.swift in Sources */ = {isa = PBXBuildFile; fileRef = 7752953422CD3F0E009A85C1 /* VideoView.swift */; };
		775DB06623800A3000DE67C2 /* SearchBar.swift in Sources */ = {isa = PBXBuildFile; fileRef = 775DB06523800A3000DE67C2 /* SearchBar.swift */; };
		77611A3D23644B8A00DB04F9 /* DizzyPopup.swift in Sources */ = {isa = PBXBuildFile; fileRef = 77611A3C23644B8A00DB04F9 /* DizzyPopup.swift */; };
		776210D623785B4600D85F9D /* PlaceInfoView.swift in Sources */ = {isa = PBXBuildFile; fileRef = 776210D523785B4600D85F9D /* PlaceInfoView.swift */; };
		776210D82379F1EE00D85F9D /* PlaceReservationRequestor.swift in Sources */ = {isa = PBXBuildFile; fileRef = 776210D72379F1EE00D85F9D /* PlaceReservationRequestor.swift */; };
		7762328F22D15C1300156DC7 /* DizzyLoadingView.swift in Sources */ = {isa = PBXBuildFile; fileRef = 7762328E22D15C1300156DC7 /* DizzyLoadingView.swift */; };
		77A0604B22AAA64F008FE39D /* SignUpWithDizzyVC.swift in Sources */ = {isa = PBXBuildFile; fileRef = 77A0604A22AAA64F008FE39D /* SignUpWithDizzyVC.swift */; };
		77A0604D22AAA899008FE39D /* SignUpWithDizzyVM.swift in Sources */ = {isa = PBXBuildFile; fileRef = 77A0604C22AAA899008FE39D /* SignUpWithDizzyVM.swift */; };
		77A0604F22AAB2D1008FE39D /* SignUpDetailsView.swift in Sources */ = {isa = PBXBuildFile; fileRef = 77A0604E22AAB2D1008FE39D /* SignUpDetailsView.swift */; };
		77A0605122AD8AE3008FE39D /* SignUpDetails.swift in Sources */ = {isa = PBXBuildFile; fileRef = 77A0605022AD8AE3008FE39D /* SignUpDetails.swift */; };
		77A0605522AD9284008FE39D /* SignupWebservice.swift in Sources */ = {isa = PBXBuildFile; fileRef = 77A0605422AD9284008FE39D /* SignupWebservice.swift */; };
		77A51F3F23DB35310019D2C9 /* AsyncMediaLoader.swift in Sources */ = {isa = PBXBuildFile; fileRef = 77A51F3E23DB35310019D2C9 /* AsyncMediaLoader.swift */; };
		77ACCD0E2351BAA000D79E22 /* AppStartVM.swift in Sources */ = {isa = PBXBuildFile; fileRef = 77ACCD0D2351BAA000D79E22 /* AppStartVM.swift */; };
		77ACCD112351BE8900D79E22 /* UsersInteracteor.swift in Sources */ = {isa = PBXBuildFile; fileRef = 77ACCD102351BE8900D79E22 /* UsersInteracteor.swift */; };
		77ACCD132351C41200D79E22 /* MyUserDefaults.swift in Sources */ = {isa = PBXBuildFile; fileRef = 77ACCD122351C41200D79E22 /* MyUserDefaults.swift */; };
		77AD08AE22B16DD8004F8588 /* SignUpInteractor.swift in Sources */ = {isa = PBXBuildFile; fileRef = 77AD08AD22B16DD8004F8588 /* SignUpInteractor.swift */; };
		77AD08B022B1870B004F8588 /* DizzyUser.swift in Sources */ = {isa = PBXBuildFile; fileRef = 77AD08AF22B1870B004F8588 /* DizzyUser.swift */; };
		77BF3959239BC3FE00BA41D6 /* PlaceEventView.swift in Sources */ = {isa = PBXBuildFile; fileRef = 77BF3958239BC3FE00BA41D6 /* PlaceEventView.swift */; };
		77BF395B239BE89400BA41D6 /* StoryCoordinatorOpener.swift in Sources */ = {isa = PBXBuildFile; fileRef = 77BF395A239BE89400BA41D6 /* StoryCoordinatorOpener.swift */; };
		77C841D723E89DA000397BEB /* DiscoveryPlacesFilterView.swift in Sources */ = {isa = PBXBuildFile; fileRef = 77C841D623E89DA000397BEB /* DiscoveryPlacesFilterView.swift */; };
		77DAA9A423033CA6003EDC3E /* CommentsTextField.swift in Sources */ = {isa = PBXBuildFile; fileRef = 77DAA9A323033CA6003EDC3E /* CommentsTextField.swift */; };
/* End PBXBuildFile section */

/* Begin PBXFileReference section */
		040F56D923946600009CB1A9 /* AdminAnalyticsView.swift */ = {isa = PBXFileReference; lastKnownFileType = sourcecode.swift; path = AdminAnalyticsView.swift; sourceTree = "<group>"; };
		0415EC36225E5C1C009BCBC7 /* LocationProvider.swift */ = {isa = PBXFileReference; lastKnownFileType = sourcecode.swift; path = LocationProvider.swift; sourceTree = "<group>"; };
		0415EC38225E6086009BCBC7 /* Observable.swift */ = {isa = PBXFileReference; lastKnownFileType = sourcecode.swift; path = Observable.swift; sourceTree = "<group>"; };
		041724B52378545C00E0A5D9 /* AdminPlacesVM.swift */ = {isa = PBXFileReference; lastKnownFileType = sourcecode.swift; path = AdminPlacesVM.swift; sourceTree = "<group>"; };
		041724B72378546800E0A5D9 /* AdminPlacesVC.swift */ = {isa = PBXFileReference; lastKnownFileType = sourcecode.swift; path = AdminPlacesVC.swift; sourceTree = "<group>"; };
		041724BA237856BA00E0A5D9 /* AdminSettingsCoordinator.swift */ = {isa = PBXFileReference; lastKnownFileType = sourcecode.swift; path = AdminSettingsCoordinator.swift; sourceTree = "<group>"; };
		041724BC23787A8A00E0A5D9 /* CardVC.swift */ = {isa = PBXFileReference; lastKnownFileType = sourcecode.swift; path = CardVC.swift; sourceTree = "<group>"; };
		041724BE2378850800E0A5D9 /* PlaceId.swift */ = {isa = PBXFileReference; lastKnownFileType = sourcecode.swift; path = PlaceId.swift; sourceTree = "<group>"; };
		041724C023788F4500E0A5D9 /* AdminPlaceCell.swift */ = {isa = PBXFileReference; lastKnownFileType = sourcecode.swift; path = AdminPlaceCell.swift; sourceTree = "<group>"; };
		041724C42379481300E0A5D9 /* AdminPlaceAnalyticsVM.swift */ = {isa = PBXFileReference; lastKnownFileType = sourcecode.swift; path = AdminPlaceAnalyticsVM.swift; sourceTree = "<group>"; };
		041724C62379482200E0A5D9 /* AdminPlaceAnalyticsVC.swift */ = {isa = PBXFileReference; lastKnownFileType = sourcecode.swift; path = AdminPlaceAnalyticsVC.swift; sourceTree = "<group>"; };
		041D95C22253D733009ED7AB /* WebService.swift */ = {isa = PBXFileReference; lastKnownFileType = sourcecode.swift; path = WebService.swift; sourceTree = "<group>"; };
		041D95C42253D84F009ED7AB /* WebResource.swift */ = {isa = PBXFileReference; lastKnownFileType = sourcecode.swift; path = WebResource.swift; sourceTree = "<group>"; };
		044B406922CD37080061388C /* PopupPresenter.swift */ = {isa = PBXFileReference; fileEncoding = 4; lastKnownFileType = sourcecode.swift; path = PopupPresenter.swift; sourceTree = "<group>"; };
		0454B7BD23745CC30043DEC3 /* DarkMapStyle.json */ = {isa = PBXFileReference; fileEncoding = 4; lastKnownFileType = text.json; path = DarkMapStyle.json; sourceTree = "<group>"; };
		046613D023846B8C00692413 /* ReserveTableVC.swift */ = {isa = PBXFileReference; lastKnownFileType = sourcecode.swift; path = ReserveTableVC.swift; sourceTree = "<group>"; };
		046613D223846B9F00692413 /* ReserveTableVM.swift */ = {isa = PBXFileReference; lastKnownFileType = sourcecode.swift; path = ReserveTableVM.swift; sourceTree = "<group>"; };
		0470E6AC2270B2DF00267278 /* GoogleMap.swift */ = {isa = PBXFileReference; fileEncoding = 4; lastKnownFileType = sourcecode.swift; path = GoogleMap.swift; sourceTree = "<group>"; };
		0470E6B02270B32600267278 /* PlaceSearchTableViewCell.swift */ = {isa = PBXFileReference; fileEncoding = 4; lastKnownFileType = sourcecode.swift; path = PlaceSearchTableViewCell.swift; sourceTree = "<group>"; };
		0470E6B12270B32600267278 /* PlaceSearchVC.swift */ = {isa = PBXFileReference; fileEncoding = 4; lastKnownFileType = sourcecode.swift; path = PlaceSearchVC.swift; sourceTree = "<group>"; };
		0470E6B22270B32600267278 /* AutoCompleteFilter.swift */ = {isa = PBXFileReference; fileEncoding = 4; lastKnownFileType = sourcecode.swift; path = AutoCompleteFilter.swift; sourceTree = "<group>"; };
		0470E6B32270B32600267278 /* PlaceSearchVM.swift */ = {isa = PBXFileReference; fileEncoding = 4; lastKnownFileType = sourcecode.swift; path = PlaceSearchVM.swift; sourceTree = "<group>"; };
		0470E6BA2270B37100267278 /* ReusableView.swift */ = {isa = PBXFileReference; fileEncoding = 4; lastKnownFileType = sourcecode.swift; path = ReusableView.swift; sourceTree = "<group>"; };
		0470E6BB2270B37200267278 /* StringExtension.swift */ = {isa = PBXFileReference; fileEncoding = 4; lastKnownFileType = sourcecode.swift; path = StringExtension.swift; sourceTree = "<group>"; };
		0487FF90228EB40200A8683C /* PlaceStoryVM.swift */ = {isa = PBXFileReference; fileEncoding = 4; lastKnownFileType = sourcecode.swift; path = PlaceStoryVM.swift; sourceTree = "<group>"; };
		0487FF93228EB40200A8683C /* CommentTextFieldView.swift */ = {isa = PBXFileReference; fileEncoding = 4; lastKnownFileType = sourcecode.swift; path = CommentTextFieldView.swift; sourceTree = "<group>"; };
		0487FF94228EB40200A8683C /* CommentsView.swift */ = {isa = PBXFileReference; fileEncoding = 4; lastKnownFileType = sourcecode.swift; path = CommentsView.swift; sourceTree = "<group>"; };
		0487FF96228EB40200A8683C /* PlaceStoryVC.swift */ = {isa = PBXFileReference; fileEncoding = 4; lastKnownFileType = sourcecode.swift; path = PlaceStoryVC.swift; sourceTree = "<group>"; };
		0487FF9E228EB4AE00A8683C /* PlaceMarkerView.swift */ = {isa = PBXFileReference; fileEncoding = 4; lastKnownFileType = sourcecode.swift; path = PlaceMarkerView.swift; sourceTree = "<group>"; };
		0487FFA0228EB4AE00A8683C /* TextFieldBuilder.swift */ = {isa = PBXFileReference; fileEncoding = 4; lastKnownFileType = sourcecode.swift; path = TextFieldBuilder.swift; sourceTree = "<group>"; };
		0487FFA1228EB4AE00A8683C /* ButtonBuilder.swift */ = {isa = PBXFileReference; fileEncoding = 4; lastKnownFileType = sourcecode.swift; path = ButtonBuilder.swift; sourceTree = "<group>"; };
		0487FFA2228EB4AE00A8683C /* NavigationBuilder.swift */ = {isa = PBXFileReference; fileEncoding = 4; lastKnownFileType = sourcecode.swift; path = NavigationBuilder.swift; sourceTree = "<group>"; };
		0487FFA3228EB4AE00A8683C /* LoadingContainer.swift */ = {isa = PBXFileReference; fileEncoding = 4; lastKnownFileType = sourcecode.swift; path = LoadingContainer.swift; sourceTree = "<group>"; };
		0487FFA4228EB4AE00A8683C /* LocationLabel.swift */ = {isa = PBXFileReference; fileEncoding = 4; lastKnownFileType = sourcecode.swift; path = LocationLabel.swift; sourceTree = "<group>"; };
		0487FFA5228EB4AE00A8683C /* ViewBuilder.swift */ = {isa = PBXFileReference; fileEncoding = 4; lastKnownFileType = sourcecode.swift; path = ViewBuilder.swift; sourceTree = "<group>"; };
		0489E81F2395B2D0006B5FFC /* ReservationsTitleView.swift */ = {isa = PBXFileReference; lastKnownFileType = sourcecode.swift; path = ReservationsTitleView.swift; sourceTree = "<group>"; };
		0489E8212395B5BC006B5FFC /* LabelExtension.swift */ = {isa = PBXFileReference; lastKnownFileType = sourcecode.swift; path = LabelExtension.swift; sourceTree = "<group>"; };
		0489E8232395BBE8006B5FFC /* ReservationsDataSource.swift */ = {isa = PBXFileReference; lastKnownFileType = sourcecode.swift; path = ReservationsDataSource.swift; sourceTree = "<group>"; };
		0489E8272395C006006B5FFC /* ReservationsData.swift */ = {isa = PBXFileReference; lastKnownFileType = sourcecode.swift; path = ReservationsData.swift; sourceTree = "<group>"; };
		0489E8292395C69F006B5FFC /* ReservationCell.swift */ = {isa = PBXFileReference; lastKnownFileType = sourcecode.swift; path = ReservationCell.swift; sourceTree = "<group>"; };
		04A6308122D10EC500CA5331 /* SearchPlaceCoordinator.swift */ = {isa = PBXFileReference; lastKnownFileType = sourcecode.swift; path = SearchPlaceCoordinator.swift; sourceTree = "<group>"; };
		04B454F222CD315B001C7AD4 /* MediaPresenterVC.swift */ = {isa = PBXFileReference; fileEncoding = 4; lastKnownFileType = sourcecode.swift; path = MediaPresenterVC.swift; sourceTree = "<group>"; };
		04B454F322CD315B001C7AD4 /* UploadStoryVC.swift */ = {isa = PBXFileReference; fileEncoding = 4; lastKnownFileType = sourcecode.swift; path = UploadStoryVC.swift; sourceTree = "<group>"; };
		04B454F422CD315B001C7AD4 /* UploadStoryCoordinator.swift */ = {isa = PBXFileReference; fileEncoding = 4; lastKnownFileType = sourcecode.swift; path = UploadStoryCoordinator.swift; sourceTree = "<group>"; };
		04B454F522CD315B001C7AD4 /* UploadStoryVM.swift */ = {isa = PBXFileReference; fileEncoding = 4; lastKnownFileType = sourcecode.swift; path = UploadStoryVM.swift; sourceTree = "<group>"; };
		04B454F622CD315B001C7AD4 /* MediaPresenterVM.swift */ = {isa = PBXFileReference; fileEncoding = 4; lastKnownFileType = sourcecode.swift; path = MediaPresenterVM.swift; sourceTree = "<group>"; };
		04B454FC22CD337F001C7AD4 /* CameraSessionController.swift */ = {isa = PBXFileReference; fileEncoding = 4; lastKnownFileType = sourcecode.swift; path = CameraSessionController.swift; sourceTree = "<group>"; };
		04B454FE22CD338A001C7AD4 /* UploadFileData.swift */ = {isa = PBXFileReference; fileEncoding = 4; lastKnownFileType = sourcecode.swift; path = UploadFileData.swift; sourceTree = "<group>"; };
		04B4550322CD3423001C7AD4 /* GooglePlaceInteractor.swift */ = {isa = PBXFileReference; fileEncoding = 4; lastKnownFileType = sourcecode.swift; path = GooglePlaceInteractor.swift; sourceTree = "<group>"; };
		04B4550422CD3423001C7AD4 /* UploadFileInteractor.swift */ = {isa = PBXFileReference; fileEncoding = 4; lastKnownFileType = sourcecode.swift; path = UploadFileInteractor.swift; sourceTree = "<group>"; };
		04D0CCF5225731880020DF8F /* FirebaseWebService.swift */ = {isa = PBXFileReference; lastKnownFileType = sourcecode.swift; path = FirebaseWebService.swift; sourceTree = "<group>"; };
		04D0CCF7225732220020DF8F /* WebServiceDispatcher.swift */ = {isa = PBXFileReference; lastKnownFileType = sourcecode.swift; path = WebServiceDispatcher.swift; sourceTree = "<group>"; };
		04D0CD6F225A96E00020DF8F /* ViewController.swift */ = {isa = PBXFileReference; fileEncoding = 4; lastKnownFileType = sourcecode.swift; path = ViewController.swift; sourceTree = "<group>"; };
		04E7808522B0274900A9E3F4 /* PlaceProfileVC.swift */ = {isa = PBXFileReference; fileEncoding = 4; lastKnownFileType = sourcecode.swift; path = PlaceProfileVC.swift; sourceTree = "<group>"; };
		04E7808622B0274900A9E3F4 /* PlaceProfileVM.swift */ = {isa = PBXFileReference; fileEncoding = 4; lastKnownFileType = sourcecode.swift; path = PlaceProfileVM.swift; sourceTree = "<group>"; };
		04E7808722B0274900A9E3F4 /* PlaceProfileCoordinator.swift */ = {isa = PBXFileReference; fileEncoding = 4; lastKnownFileType = sourcecode.swift; path = PlaceProfileCoordinator.swift; sourceTree = "<group>"; };
		04E7808822B0274900A9E3F4 /* PlaceProfileView.swift */ = {isa = PBXFileReference; fileEncoding = 4; lastKnownFileType = sourcecode.swift; path = PlaceProfileView.swift; sourceTree = "<group>"; };
		04E7808D22B0279000A9E3F4 /* DateUtils.swift */ = {isa = PBXFileReference; fileEncoding = 4; lastKnownFileType = sourcecode.swift; path = DateUtils.swift; sourceTree = "<group>"; };
		04E7809222B027CF00A9E3F4 /* Colors.swift */ = {isa = PBXFileReference; fileEncoding = 4; lastKnownFileType = sourcecode.swift; path = Colors.swift; sourceTree = "<group>"; };
		04E7809422B0280500A9E3F4 /* ExternalPlaceData.swift */ = {isa = PBXFileReference; fileEncoding = 4; lastKnownFileType = sourcecode.swift; path = ExternalPlaceData.swift; sourceTree = "<group>"; };
		223F407D23C3C53400AE8EDF /* PlaceMenuVC.swift */ = {isa = PBXFileReference; lastKnownFileType = sourcecode.swift; path = PlaceMenuVC.swift; sourceTree = "<group>"; };
		223F407F23C3C55500AE8EDF /* PlaceMenuVM.swift */ = {isa = PBXFileReference; lastKnownFileType = sourcecode.swift; path = PlaceMenuVM.swift; sourceTree = "<group>"; };
		4CA0B580B065DE26AAE28FE8 /* Pods-Dizzy.debug.xcconfig */ = {isa = PBXFileReference; includeInIndex = 1; lastKnownFileType = text.xcconfig; name = "Pods-Dizzy.debug.xcconfig"; path = "Pods/Target Support Files/Pods-Dizzy/Pods-Dizzy.debug.xcconfig"; sourceTree = "<group>"; };
		4D07059E22D15579009D6236 /* Comment.swift */ = {isa = PBXFileReference; fileEncoding = 4; lastKnownFileType = sourcecode.swift; path = Comment.swift; sourceTree = "<group>"; };
		4D07059F22D15579009D6236 /* PlaceInfo.swift */ = {isa = PBXFileReference; fileEncoding = 4; lastKnownFileType = sourcecode.swift; path = PlaceInfo.swift; sourceTree = "<group>"; };
		4D0705A022D15579009D6236 /* PlaceMedia.swift */ = {isa = PBXFileReference; fileEncoding = 4; lastKnownFileType = sourcecode.swift; path = PlaceMedia.swift; sourceTree = "<group>"; };
		4D0705A522D1558B009D6236 /* MapSearchVC.swift */ = {isa = PBXFileReference; fileEncoding = 4; lastKnownFileType = sourcecode.swift; path = MapSearchVC.swift; sourceTree = "<group>"; };
		4D0705A622D1558B009D6236 /* MapCoordinator.swift */ = {isa = PBXFileReference; fileEncoding = 4; lastKnownFileType = sourcecode.swift; path = MapCoordinator.swift; sourceTree = "<group>"; };
		4D0705A722D1558B009D6236 /* MapVM.swift */ = {isa = PBXFileReference; fileEncoding = 4; lastKnownFileType = sourcecode.swift; path = MapVM.swift; sourceTree = "<group>"; };
		4D0705A822D1558B009D6236 /* MapVC.swift */ = {isa = PBXFileReference; fileEncoding = 4; lastKnownFileType = sourcecode.swift; path = MapVC.swift; sourceTree = "<group>"; };
		4D0705A922D1558B009D6236 /* MapSearchTableViewCell.swift */ = {isa = PBXFileReference; fileEncoding = 4; lastKnownFileType = sourcecode.swift; path = MapSearchTableViewCell.swift; sourceTree = "<group>"; };
		4D0705AA22D1558B009D6236 /* MapSearchVM.swift */ = {isa = PBXFileReference; fileEncoding = 4; lastKnownFileType = sourcecode.swift; path = MapSearchVM.swift; sourceTree = "<group>"; };
		4D0705B122D155AA009D6236 /* CommentCell.swift */ = {isa = PBXFileReference; fileEncoding = 4; lastKnownFileType = sourcecode.swift; path = CommentCell.swift; sourceTree = "<group>"; };
		4D0705B222D155AA009D6236 /* CommentsInteractor.swift */ = {isa = PBXFileReference; fileEncoding = 4; lastKnownFileType = sourcecode.swift; path = CommentsInteractor.swift; sourceTree = "<group>"; };
		4D0705BC22D15799009D6236 /* StoriesInteractor.swift */ = {isa = PBXFileReference; fileEncoding = 4; lastKnownFileType = sourcecode.swift; path = StoriesInteractor.swift; sourceTree = "<group>"; };
		4D0705BE22D157B1009D6236 /* PlaceStoryCoordinator.swift */ = {isa = PBXFileReference; fileEncoding = 4; lastKnownFileType = sourcecode.swift; path = PlaceStoryCoordinator.swift; sourceTree = "<group>"; };
		4D645E9D22B0423A00016EF7 /* LoginVC.swift */ = {isa = PBXFileReference; fileEncoding = 4; lastKnownFileType = sourcecode.swift; path = LoginVC.swift; sourceTree = "<group>"; };
		4D645E9E22B0423A00016EF7 /* LoginVM.swift */ = {isa = PBXFileReference; fileEncoding = 4; lastKnownFileType = sourcecode.swift; path = LoginVM.swift; sourceTree = "<group>"; };
		4D645EA022B0423A00016EF7 /* AppInfoView.swift */ = {isa = PBXFileReference; fileEncoding = 4; lastKnownFileType = sourcecode.swift; path = AppInfoView.swift; sourceTree = "<group>"; };
		4D645EA122B0423A00016EF7 /* AppInfosView.swift */ = {isa = PBXFileReference; fileEncoding = 4; lastKnownFileType = sourcecode.swift; path = AppInfosView.swift; sourceTree = "<group>"; };
		4D645EA222B0423A00016EF7 /* LoginSelectionView.swift */ = {isa = PBXFileReference; fileEncoding = 4; lastKnownFileType = sourcecode.swift; path = LoginSelectionView.swift; sourceTree = "<group>"; };
		4D645EA822B0426700016EF7 /* LoginCoordinator.swift */ = {isa = PBXFileReference; fileEncoding = 4; lastKnownFileType = sourcecode.swift; path = LoginCoordinator.swift; sourceTree = "<group>"; };
		4D645EAA22B043B900016EF7 /* UIColorExtension.swift */ = {isa = PBXFileReference; fileEncoding = 4; lastKnownFileType = sourcecode.swift; path = UIColorExtension.swift; sourceTree = "<group>"; };
		4DA64E9522C4041F001D5A1A /* LogoutInteractor.swift */ = {isa = PBXFileReference; fileEncoding = 4; lastKnownFileType = sourcecode.swift; path = LogoutInteractor.swift; sourceTree = "<group>"; };
		4DA64E9722C4067B001D5A1A /* LogoutWebService.swift */ = {isa = PBXFileReference; fileEncoding = 4; lastKnownFileType = sourcecode.swift; path = LogoutWebService.swift; sourceTree = "<group>"; };
		4DA64E9922C7F99B001D5A1A /* PlaceImageView.swift */ = {isa = PBXFileReference; lastKnownFileType = sourcecode.swift; path = PlaceImageView.swift; sourceTree = "<group>"; };
		4DAF17BB22CE9AA3004F7DB7 /* ExternalNavigationProvider.swift */ = {isa = PBXFileReference; lastKnownFileType = sourcecode.swift; path = ExternalNavigationProvider.swift; sourceTree = "<group>"; };
		4DDA117422B4429300CA0220 /* UserProfileView.swift */ = {isa = PBXFileReference; fileEncoding = 4; lastKnownFileType = sourcecode.swift; path = UserProfileView.swift; sourceTree = "<group>"; };
		4DDA117822B58F9800CA0220 /* SignInWithDizzyVC.swift */ = {isa = PBXFileReference; fileEncoding = 4; lastKnownFileType = sourcecode.swift; path = SignInWithDizzyVC.swift; sourceTree = "<group>"; };
		4DDA117922B58F9800CA0220 /* SignInDetailsView.swift */ = {isa = PBXFileReference; fileEncoding = 4; lastKnownFileType = sourcecode.swift; path = SignInDetailsView.swift; sourceTree = "<group>"; };
		4DDA117A22B58F9800CA0220 /* SignInInteractor.swift */ = {isa = PBXFileReference; fileEncoding = 4; lastKnownFileType = sourcecode.swift; path = SignInInteractor.swift; sourceTree = "<group>"; };
		4DDA117B22B58F9800CA0220 /* SignInWithDizzyVM.swift */ = {isa = PBXFileReference; fileEncoding = 4; lastKnownFileType = sourcecode.swift; path = SignInWithDizzyVM.swift; sourceTree = "<group>"; };
		4DDA118022B596CD00CA0220 /* SignInWebservice.swift */ = {isa = PBXFileReference; fileEncoding = 4; lastKnownFileType = sourcecode.swift; path = SignInWebservice.swift; sourceTree = "<group>"; };
		4DFBA48022BEB3C100BB0F4F /* SignInDetails.swift */ = {isa = PBXFileReference; lastKnownFileType = sourcecode.swift; path = SignInDetails.swift; sourceTree = "<group>"; };
		4DFBA48322BEB8B600BB0F4F /* KeyboardHandler.swift */ = {isa = PBXFileReference; lastKnownFileType = sourcecode.swift; path = KeyboardHandler.swift; sourceTree = "<group>"; };
		4DFBA48522BEC5D800BB0F4F /* InputValidator.swift */ = {isa = PBXFileReference; lastKnownFileType = sourcecode.swift; path = InputValidator.swift; sourceTree = "<group>"; };
		5C50852723B263EF0068D432 /* dizzySplash.mp4 */ = {isa = PBXFileReference; lastKnownFileType = file; path = dizzySplash.mp4; sourceTree = "<group>"; };
		6355854423854EC300E595D1 /* LaunchScreen.storyboard */ = {isa = PBXFileReference; lastKnownFileType = file.storyboard; path = LaunchScreen.storyboard; sourceTree = "<group>"; };
		76590E20225B459700E7986A /* PlacesListFlowLayout.swift */ = {isa = PBXFileReference; lastKnownFileType = sourcecode.swift; path = PlacesListFlowLayout.swift; sourceTree = "<group>"; };
		76AC2B26225BB105005B556F /* DiscoveryTopBar.swift */ = {isa = PBXFileReference; lastKnownFileType = sourcecode.swift; path = DiscoveryTopBar.swift; sourceTree = "<group>"; };
		76B41EA0224EE9FA00C1A290 /* Dizzy.app */ = {isa = PBXFileReference; explicitFileType = wrapper.application; includeInIndex = 0; path = Dizzy.app; sourceTree = BUILT_PRODUCTS_DIR; };
		76B41EA3224EE9FA00C1A290 /* AppDelegate.swift */ = {isa = PBXFileReference; lastKnownFileType = sourcecode.swift; path = AppDelegate.swift; sourceTree = "<group>"; };
		76B41EAA224EE9FC00C1A290 /* Assets.xcassets */ = {isa = PBXFileReference; lastKnownFileType = folder.assetcatalog; path = Assets.xcassets; sourceTree = "<group>"; };
		76B41EAF224EE9FC00C1A290 /* Info.plist */ = {isa = PBXFileReference; lastKnownFileType = text.plist.xml; path = Info.plist; sourceTree = "<group>"; };
		76B41EB5224EF16200C1A290 /* Assembly.swift */ = {isa = PBXFileReference; lastKnownFileType = sourcecode.swift; path = Assembly.swift; sourceTree = "<group>"; };
		76B41EB7224EF3D400C1A290 /* GoogleService-Info.plist */ = {isa = PBXFileReference; fileEncoding = 4; lastKnownFileType = text.plist.xml; path = "GoogleService-Info.plist"; sourceTree = "<group>"; };
		76B41EBB2250C8C200C1A290 /* Coordinator.swift */ = {isa = PBXFileReference; lastKnownFileType = sourcecode.swift; path = Coordinator.swift; sourceTree = "<group>"; };
		76B41EBD2250C8ED00C1A290 /* AppCoordinator.swift */ = {isa = PBXFileReference; lastKnownFileType = sourcecode.swift; path = AppCoordinator.swift; sourceTree = "<group>"; };
		76B41EC32251271700C1A290 /* CoordinatorKey.swift */ = {isa = PBXFileReference; lastKnownFileType = sourcecode.swift; path = CoordinatorKey.swift; sourceTree = "<group>"; };
		76B41EC522520B0800C1A290 /* HomeCoordinator.swift */ = {isa = PBXFileReference; lastKnownFileType = sourcecode.swift; path = HomeCoordinator.swift; sourceTree = "<group>"; };
		76B41ECA2252149000C1A290 /* TabItem.swift */ = {isa = PBXFileReference; lastKnownFileType = sourcecode.swift; path = TabItem.swift; sourceTree = "<group>"; };
		76B41ED022522A1700C1A290 /* DiscoveryVC.swift */ = {isa = PBXFileReference; lastKnownFileType = sourcecode.swift; path = DiscoveryVC.swift; sourceTree = "<group>"; };
		76B41ED222522A4000C1A290 /* DiscoveryVM.swift */ = {isa = PBXFileReference; lastKnownFileType = sourcecode.swift; path = DiscoveryVM.swift; sourceTree = "<group>"; };
		76B41ED5225230EC00C1A290 /* ConversationsViewModel.swift */ = {isa = PBXFileReference; lastKnownFileType = sourcecode.swift; path = ConversationsViewModel.swift; sourceTree = "<group>"; };
		76B41ED72252312E00C1A290 /* ConversationsVC.swift */ = {isa = PBXFileReference; lastKnownFileType = sourcecode.swift; path = ConversationsVC.swift; sourceTree = "<group>"; };
		76B41ED92253381900C1A290 /* Images.swift */ = {isa = PBXFileReference; lastKnownFileType = sourcecode.swift; path = Images.swift; sourceTree = "<group>"; };
		76B41EDC225348BE00C1A290 /* NearByPlacesView.swift */ = {isa = PBXFileReference; lastKnownFileType = sourcecode.swift; path = NearByPlacesView.swift; sourceTree = "<group>"; };
		76B41EDF22534A6E00C1A290 /* UIViewExtension.swift */ = {isa = PBXFileReference; lastKnownFileType = sourcecode.swift; path = UIViewExtension.swift; sourceTree = "<group>"; };
		76B41EE122534C1C00C1A290 /* Metrics.swift */ = {isa = PBXFileReference; lastKnownFileType = sourcecode.swift; path = Metrics.swift; sourceTree = "<group>"; };
		76B41EE522535B3D00C1A290 /* Fonts.swift */ = {isa = PBXFileReference; lastKnownFileType = sourcecode.swift; path = Fonts.swift; sourceTree = "<group>"; };
		76B41EE82253871200C1A290 /* DiscoveryPlaceCell.swift */ = {isa = PBXFileReference; lastKnownFileType = sourcecode.swift; path = DiscoveryPlaceCell.swift; sourceTree = "<group>"; };
		770972422264FCF50042D6EE /* PlacesInteractor.swift */ = {isa = PBXFileReference; lastKnownFileType = sourcecode.swift; path = PlacesInteractor.swift; sourceTree = "<group>"; };
		7752953422CD3F0E009A85C1 /* VideoView.swift */ = {isa = PBXFileReference; lastKnownFileType = sourcecode.swift; path = VideoView.swift; sourceTree = "<group>"; };
		775DB06523800A3000DE67C2 /* SearchBar.swift */ = {isa = PBXFileReference; lastKnownFileType = sourcecode.swift; path = SearchBar.swift; sourceTree = "<group>"; };
		77611A3C23644B8A00DB04F9 /* DizzyPopup.swift */ = {isa = PBXFileReference; lastKnownFileType = sourcecode.swift; path = DizzyPopup.swift; sourceTree = "<group>"; };
		776210D523785B4600D85F9D /* PlaceInfoView.swift */ = {isa = PBXFileReference; lastKnownFileType = sourcecode.swift; path = PlaceInfoView.swift; sourceTree = "<group>"; };
		776210D72379F1EE00D85F9D /* PlaceReservationRequestor.swift */ = {isa = PBXFileReference; lastKnownFileType = sourcecode.swift; path = PlaceReservationRequestor.swift; sourceTree = "<group>"; };
		7762328E22D15C1300156DC7 /* DizzyLoadingView.swift */ = {isa = PBXFileReference; lastKnownFileType = sourcecode.swift; path = DizzyLoadingView.swift; sourceTree = "<group>"; };
		77A0604A22AAA64F008FE39D /* SignUpWithDizzyVC.swift */ = {isa = PBXFileReference; lastKnownFileType = sourcecode.swift; path = SignUpWithDizzyVC.swift; sourceTree = "<group>"; };
		77A0604C22AAA899008FE39D /* SignUpWithDizzyVM.swift */ = {isa = PBXFileReference; lastKnownFileType = sourcecode.swift; path = SignUpWithDizzyVM.swift; sourceTree = "<group>"; };
		77A0604E22AAB2D1008FE39D /* SignUpDetailsView.swift */ = {isa = PBXFileReference; lastKnownFileType = sourcecode.swift; path = SignUpDetailsView.swift; sourceTree = "<group>"; };
		77A0605022AD8AE3008FE39D /* SignUpDetails.swift */ = {isa = PBXFileReference; lastKnownFileType = sourcecode.swift; path = SignUpDetails.swift; sourceTree = "<group>"; };
		77A0605422AD9284008FE39D /* SignupWebservice.swift */ = {isa = PBXFileReference; lastKnownFileType = sourcecode.swift; path = SignupWebservice.swift; sourceTree = "<group>"; };
		77A51F3E23DB35310019D2C9 /* AsyncMediaLoader.swift */ = {isa = PBXFileReference; lastKnownFileType = sourcecode.swift; path = AsyncMediaLoader.swift; sourceTree = "<group>"; };
		77ACCD0D2351BAA000D79E22 /* AppStartVM.swift */ = {isa = PBXFileReference; lastKnownFileType = sourcecode.swift; path = AppStartVM.swift; sourceTree = "<group>"; };
		77ACCD102351BE8900D79E22 /* UsersInteracteor.swift */ = {isa = PBXFileReference; lastKnownFileType = sourcecode.swift; path = UsersInteracteor.swift; sourceTree = "<group>"; };
		77ACCD122351C41200D79E22 /* MyUserDefaults.swift */ = {isa = PBXFileReference; lastKnownFileType = sourcecode.swift; path = MyUserDefaults.swift; sourceTree = "<group>"; };
		77AD08AD22B16DD8004F8588 /* SignUpInteractor.swift */ = {isa = PBXFileReference; lastKnownFileType = sourcecode.swift; path = SignUpInteractor.swift; sourceTree = "<group>"; };
		77AD08AF22B1870B004F8588 /* DizzyUser.swift */ = {isa = PBXFileReference; lastKnownFileType = sourcecode.swift; path = DizzyUser.swift; sourceTree = "<group>"; };
		77BF3958239BC3FE00BA41D6 /* PlaceEventView.swift */ = {isa = PBXFileReference; lastKnownFileType = sourcecode.swift; path = PlaceEventView.swift; sourceTree = "<group>"; };
		77BF395A239BE89400BA41D6 /* StoryCoordinatorOpener.swift */ = {isa = PBXFileReference; lastKnownFileType = sourcecode.swift; path = StoryCoordinatorOpener.swift; sourceTree = "<group>"; };
		77C841D623E89DA000397BEB /* DiscoveryPlacesFilterView.swift */ = {isa = PBXFileReference; lastKnownFileType = sourcecode.swift; path = DiscoveryPlacesFilterView.swift; sourceTree = "<group>"; };
		77DAA9A323033CA6003EDC3E /* CommentsTextField.swift */ = {isa = PBXFileReference; lastKnownFileType = sourcecode.swift; path = CommentsTextField.swift; sourceTree = "<group>"; };
		78B0F6AE7CF6C5CE4C06FA01 /* Pods-Dizzy.release.xcconfig */ = {isa = PBXFileReference; includeInIndex = 1; lastKnownFileType = text.xcconfig; name = "Pods-Dizzy.release.xcconfig"; path = "Pods/Target Support Files/Pods-Dizzy/Pods-Dizzy.release.xcconfig"; sourceTree = "<group>"; };
		E32798061D4068D236FB9EFB /* Pods_Dizzy.framework */ = {isa = PBXFileReference; explicitFileType = wrapper.framework; includeInIndex = 0; path = Pods_Dizzy.framework; sourceTree = BUILT_PRODUCTS_DIR; };
/* End PBXFileReference section */

/* Begin PBXFrameworksBuildPhase section */
		76B41E9D224EE9FA00C1A290 /* Frameworks */ = {
			isa = PBXFrameworksBuildPhase;
			buildActionMask = 2147483647;
			files = (
				50C3CDC80D9DEBCFA8064E87 /* Pods_Dizzy.framework in Frameworks */,
			);
			runOnlyForDeploymentPostprocessing = 0;
		};
/* End PBXFrameworksBuildPhase section */

/* Begin PBXGroup section */
		041724C22379436100E0A5D9 /* AdminPlaces */ = {
			isa = PBXGroup;
			children = (
				041724B52378545C00E0A5D9 /* AdminPlacesVM.swift */,
				041724B72378546800E0A5D9 /* AdminPlacesVC.swift */,
				041724C023788F4500E0A5D9 /* AdminPlaceCell.swift */,
			);
			path = AdminPlaces;
			sourceTree = "<group>";
		};
		041724C3237947D200E0A5D9 /* AdminPlaceAnalytics */ = {
			isa = PBXGroup;
			children = (
				041724C42379481300E0A5D9 /* AdminPlaceAnalyticsVM.swift */,
				041724C62379482200E0A5D9 /* AdminPlaceAnalyticsVC.swift */,
				040F56D923946600009CB1A9 /* AdminAnalyticsView.swift */,
				0489E81F2395B2D0006B5FFC /* ReservationsTitleView.swift */,
				0489E8232395BBE8006B5FFC /* ReservationsDataSource.swift */,
				0489E8292395C69F006B5FFC /* ReservationCell.swift */,
			);
			path = AdminPlaceAnalytics;
			sourceTree = "<group>";
		};
		041D95C12253D702009ED7AB /* Web Service */ = {
			isa = PBXGroup;
			children = (
				041D95C22253D733009ED7AB /* WebService.swift */,
				041D95C42253D84F009ED7AB /* WebResource.swift */,
				04D0CCF5225731880020DF8F /* FirebaseWebService.swift */,
				04D0CCF7225732220020DF8F /* WebServiceDispatcher.swift */,
				77A0605422AD9284008FE39D /* SignupWebservice.swift */,
				4DDA118022B596CD00CA0220 /* SignInWebservice.swift */,
				4DA64E9722C4067B001D5A1A /* LogoutWebService.swift */,
			);
			path = "Web Service";
			sourceTree = "<group>";
		};
		044AFCD42374AEFE0078DF2C /* AdminSettings */ = {
			isa = PBXGroup;
			children = (
				041724BA237856BA00E0A5D9 /* AdminSettingsCoordinator.swift */,
				041724C22379436100E0A5D9 /* AdminPlaces */,
				041724C3237947D200E0A5D9 /* AdminPlaceAnalytics */,
			);
			path = AdminSettings;
			sourceTree = "<group>";
		};
		046613CF23846B6B00692413 /* ReserveTable */ = {
			isa = PBXGroup;
			children = (
				046613D023846B8C00692413 /* ReserveTableVC.swift */,
				046613D223846B9F00692413 /* ReserveTableVM.swift */,
			);
			path = ReserveTable;
			sourceTree = "<group>";
		};
		0470E6AB2270B2DF00267278 /* GoogleMap */ = {
			isa = PBXGroup;
			children = (
				0454B7BD23745CC30043DEC3 /* DarkMapStyle.json */,
				0470E6AC2270B2DF00267278 /* GoogleMap.swift */,
				04E7809422B0280500A9E3F4 /* ExternalPlaceData.swift */,
			);
			path = GoogleMap;
			sourceTree = "<group>";
		};
		0487FF8F228EB40200A8683C /* PlaceStory */ = {
			isa = PBXGroup;
			children = (
				4D0705BB22D15799009D6236 /* Stories */,
				4D0705BE22D157B1009D6236 /* PlaceStoryCoordinator.swift */,
				0487FF96228EB40200A8683C /* PlaceStoryVC.swift */,
				0487FF90228EB40200A8683C /* PlaceStoryVM.swift */,
				0487FF91228EB40200A8683C /* Comments */,
			);
			path = PlaceStory;
			sourceTree = "<group>";
		};
		0487FF91228EB40200A8683C /* Comments */ = {
			isa = PBXGroup;
			children = (
				4D0705B122D155AA009D6236 /* CommentCell.swift */,
				4D0705B222D155AA009D6236 /* CommentsInteractor.swift */,
				0487FF93228EB40200A8683C /* CommentTextFieldView.swift */,
				0487FF94228EB40200A8683C /* CommentsView.swift */,
			);
			path = Comments;
			sourceTree = "<group>";
		};
		0487FF9D228EB4AE00A8683C /* UI Components */ = {
			isa = PBXGroup;
			children = (
				0487FF9E228EB4AE00A8683C /* PlaceMarkerView.swift */,
				0487FFA0228EB4AE00A8683C /* TextFieldBuilder.swift */,
				0487FFA1228EB4AE00A8683C /* ButtonBuilder.swift */,
				0487FFA2228EB4AE00A8683C /* NavigationBuilder.swift */,
				0487FFA3228EB4AE00A8683C /* LoadingContainer.swift */,
				0487FFA4228EB4AE00A8683C /* LocationLabel.swift */,
				0487FFA5228EB4AE00A8683C /* ViewBuilder.swift */,
				4DA64E9922C7F99B001D5A1A /* PlaceImageView.swift */,
				044B406922CD37080061388C /* PopupPresenter.swift */,
				7752953422CD3F0E009A85C1 /* VideoView.swift */,
				7762328E22D15C1300156DC7 /* DizzyLoadingView.swift */,
				77DAA9A323033CA6003EDC3E /* CommentsTextField.swift */,
				77611A3C23644B8A00DB04F9 /* DizzyPopup.swift */,
				776210D523785B4600D85F9D /* PlaceInfoView.swift */,
				776210D72379F1EE00D85F9D /* PlaceReservationRequestor.swift */,
				041724BC23787A8A00E0A5D9 /* CardVC.swift */,
				775DB06523800A3000DE67C2 /* SearchBar.swift */,
				77BF3958239BC3FE00BA41D6 /* PlaceEventView.swift */,
			);
			path = "UI Components";
			sourceTree = "<group>";
		};
		04A6308022D10E9300CA5331 /* Search Place */ = {
			isa = PBXGroup;
			children = (
				04A6308122D10EC500CA5331 /* SearchPlaceCoordinator.swift */,
				0470E6B12270B32600267278 /* PlaceSearchVC.swift */,
				0470E6B32270B32600267278 /* PlaceSearchVM.swift */,
				0470E6B02270B32600267278 /* PlaceSearchTableViewCell.swift */,
			);
			path = "Search Place";
			sourceTree = "<group>";
		};
		04B454F122CD315B001C7AD4 /* UploadStory */ = {
			isa = PBXGroup;
			children = (
				04B454F422CD315B001C7AD4 /* UploadStoryCoordinator.swift */,
				04B454F522CD315B001C7AD4 /* UploadStoryVM.swift */,
				04B454F322CD315B001C7AD4 /* UploadStoryVC.swift */,
				04B454F622CD315B001C7AD4 /* MediaPresenterVM.swift */,
				04B454F222CD315B001C7AD4 /* MediaPresenterVC.swift */,
			);
			path = UploadStory;
			sourceTree = "<group>";
		};
		04B4550222CD3423001C7AD4 /* Interactors */ = {
			isa = PBXGroup;
			children = (
				04B4550322CD3423001C7AD4 /* GooglePlaceInteractor.swift */,
				04B4550422CD3423001C7AD4 /* UploadFileInteractor.swift */,
			);
			path = Interactors;
			sourceTree = "<group>";
		};
		04E7808422B0274900A9E3F4 /* PlaceProfile */ = {
			isa = PBXGroup;
			children = (
				04E7808722B0274900A9E3F4 /* PlaceProfileCoordinator.swift */,
				04E7808622B0274900A9E3F4 /* PlaceProfileVM.swift */,
				04E7808522B0274900A9E3F4 /* PlaceProfileVC.swift */,
				04E7808822B0274900A9E3F4 /* PlaceProfileView.swift */,
			);
			path = PlaceProfile;
			sourceTree = "<group>";
		};
		223F407C23C3C51900AE8EDF /* PlaceMenu */ = {
			isa = PBXGroup;
			children = (
				223F407D23C3C53400AE8EDF /* PlaceMenuVC.swift */,
				223F407F23C3C55500AE8EDF /* PlaceMenuVM.swift */,
			);
			path = PlaceMenu;
			sourceTree = "<group>";
		};
		4D07059D22D15579009D6236 /* Models */ = {
			isa = PBXGroup;
			children = (
				4D07059E22D15579009D6236 /* Comment.swift */,
				4D07059F22D15579009D6236 /* PlaceInfo.swift */,
				0489E8272395C006006B5FFC /* ReservationsData.swift */,
				4D0705A022D15579009D6236 /* PlaceMedia.swift */,
				041724BE2378850800E0A5D9 /* PlaceId.swift */,
			);
			path = Models;
			sourceTree = "<group>";
		};
		4D0705A422D1558B009D6236 /* Map */ = {
			isa = PBXGroup;
			children = (
				4D0705A522D1558B009D6236 /* MapSearchVC.swift */,
				4D0705A622D1558B009D6236 /* MapCoordinator.swift */,
				4D0705A722D1558B009D6236 /* MapVM.swift */,
				4D0705A822D1558B009D6236 /* MapVC.swift */,
				4D0705A922D1558B009D6236 /* MapSearchTableViewCell.swift */,
				4D0705AA22D1558B009D6236 /* MapSearchVM.swift */,
			);
			path = Map;
			sourceTree = "<group>";
		};
		4D0705BB22D15799009D6236 /* Stories */ = {
			isa = PBXGroup;
			children = (
				4D0705BC22D15799009D6236 /* StoriesInteractor.swift */,
			);
			path = Stories;
			sourceTree = "<group>";
		};
		4D645E9C22B0423A00016EF7 /* Login */ = {
			isa = PBXGroup;
			children = (
				4DDA117322B4429300CA0220 /* Profile */,
				4D645E9F22B0423A00016EF7 /* App Info */,
				4D645E9D22B0423A00016EF7 /* LoginVC.swift */,
				4D645E9E22B0423A00016EF7 /* LoginVM.swift */,
				4D645EA222B0423A00016EF7 /* LoginSelectionView.swift */,
				4DA64E9522C4041F001D5A1A /* LogoutInteractor.swift */,
			);
			path = Login;
			sourceTree = "<group>";
		};
		4D645E9F22B0423A00016EF7 /* App Info */ = {
			isa = PBXGroup;
			children = (
				4D645EA022B0423A00016EF7 /* AppInfoView.swift */,
				4D645EA122B0423A00016EF7 /* AppInfosView.swift */,
			);
			path = "App Info";
			sourceTree = "<group>";
		};
		4DDA117322B4429300CA0220 /* Profile */ = {
			isa = PBXGroup;
			children = (
				4DDA117422B4429300CA0220 /* UserProfileView.swift */,
			);
			path = Profile;
			sourceTree = "<group>";
		};
		4DDA117622B4442000CA0220 /* SignUp */ = {
			isa = PBXGroup;
			children = (
				77A0604A22AAA64F008FE39D /* SignUpWithDizzyVC.swift */,
				77A0604C22AAA899008FE39D /* SignUpWithDizzyVM.swift */,
				77A0604E22AAB2D1008FE39D /* SignUpDetailsView.swift */,
				77AD08AD22B16DD8004F8588 /* SignUpInteractor.swift */,
			);
			path = SignUp;
			sourceTree = "<group>";
		};
		4DDA117722B58F9800CA0220 /* SignIn */ = {
			isa = PBXGroup;
			children = (
				4DDA117822B58F9800CA0220 /* SignInWithDizzyVC.swift */,
				4DDA117B22B58F9800CA0220 /* SignInWithDizzyVM.swift */,
				4DDA117922B58F9800CA0220 /* SignInDetailsView.swift */,
				4DDA117A22B58F9800CA0220 /* SignInInteractor.swift */,
			);
			path = SignIn;
			sourceTree = "<group>";
		};
		4DFBA48222BEB89300BB0F4F /* Protocols */ = {
			isa = PBXGroup;
			children = (
				4DFBA48322BEB8B600BB0F4F /* KeyboardHandler.swift */,
			);
			path = Protocols;
			sourceTree = "<group>";
		};
		76B41E97224EE9FA00C1A290 = {
			isa = PBXGroup;
			children = (
				76B41EA2224EE9FA00C1A290 /* Dizzy */,
				76B41EA1224EE9FA00C1A290 /* Products */,
				96DEAE0556CCD7D266DF88E2 /* Pods */,
				E6980627A92DB44D8C6FEE6F /* Frameworks */,
			);
			sourceTree = "<group>";
		};
		76B41EA1224EE9FA00C1A290 /* Products */ = {
			isa = PBXGroup;
			children = (
				76B41EA0224EE9FA00C1A290 /* Dizzy.app */,
			);
			name = Products;
			sourceTree = "<group>";
		};
		76B41EA2224EE9FA00C1A290 /* Dizzy */ = {
			isa = PBXGroup;
			children = (
				0487FF9D228EB4AE00A8683C /* UI Components */,
				76B41EDE22534A4B00C1A290 /* Extensions */,
				4DFBA48222BEB89300BB0F4F /* Protocols */,
				76B41EDB225343DE00C1A290 /* Base entities */,
				041D95C12253D702009ED7AB /* Web Service */,
				76B41ECE225229DB00C1A290 /* Screens */,
				76B41EC92252145D00C1A290 /* Entities */,
				76B41EBA2250C87E00C1A290 /* Coordinators */,
				76B41EA3224EE9FA00C1A290 /* AppDelegate.swift */,
				76B41EAA224EE9FC00C1A290 /* Assets.xcassets */,
				76B41EAF224EE9FC00C1A290 /* Info.plist */,
				5C50852723B263EF0068D432 /* dizzySplash.mp4 */,
				76B41EB5224EF16200C1A290 /* Assembly.swift */,
				76B41EB7224EF3D400C1A290 /* GoogleService-Info.plist */,
				6355854423854EC300E595D1 /* LaunchScreen.storyboard */,
			);
			path = Dizzy;
			sourceTree = "<group>";
		};
		76B41EBA2250C87E00C1A290 /* Coordinators */ = {
			isa = PBXGroup;
			children = (
				4D0705A422D1558B009D6236 /* Map */,
				76B41EBB2250C8C200C1A290 /* Coordinator.swift */,
				76B41EBD2250C8ED00C1A290 /* AppCoordinator.swift */,
				76B41EC32251271700C1A290 /* CoordinatorKey.swift */,
				76B41EC522520B0800C1A290 /* HomeCoordinator.swift */,
				4D645EA822B0426700016EF7 /* LoginCoordinator.swift */,
				77BF395A239BE89400BA41D6 /* StoryCoordinatorOpener.swift */,
			);
			path = Coordinators;
			sourceTree = "<group>";
		};
		76B41EC92252145D00C1A290 /* Entities */ = {
			isa = PBXGroup;
			children = (
				04B454FC22CD337F001C7AD4 /* CameraSessionController.swift */,
				04B454FE22CD338A001C7AD4 /* UploadFileData.swift */,
				04B4550222CD3423001C7AD4 /* Interactors */,
				76B41ECA2252149000C1A290 /* TabItem.swift */,
				76B41ED92253381900C1A290 /* Images.swift */,
				76B41EE122534C1C00C1A290 /* Metrics.swift */,
				76B41EE522535B3D00C1A290 /* Fonts.swift */,
				0415EC38225E6086009BCBC7 /* Observable.swift */,
				04E7809222B027CF00A9E3F4 /* Colors.swift */,
				0415EC36225E5C1C009BCBC7 /* LocationProvider.swift */,
				0470E6AB2270B2DF00267278 /* GoogleMap */,
				77A0605022AD8AE3008FE39D /* SignUpDetails.swift */,
				4DFBA48022BEB3C100BB0F4F /* SignInDetails.swift */,
				77AD08AF22B1870B004F8588 /* DizzyUser.swift */,
				4DFBA48522BEC5D800BB0F4F /* InputValidator.swift */,
				4DAF17BB22CE9AA3004F7DB7 /* ExternalNavigationProvider.swift */,
				4D07059D22D15579009D6236 /* Models */,
				77ACCD122351C41200D79E22 /* MyUserDefaults.swift */,
				77A51F3E23DB35310019D2C9 /* AsyncMediaLoader.swift */,
			);
			path = Entities;
			sourceTree = "<group>";
		};
		76B41ECE225229DB00C1A290 /* Screens */ = {
			isa = PBXGroup;
			children = (
				223F407C23C3C51900AE8EDF /* PlaceMenu */,
				046613CF23846B6B00692413 /* ReserveTable */,
				044AFCD42374AEFE0078DF2C /* AdminSettings */,
				04B454F122CD315B001C7AD4 /* UploadStory */,
				4D645E9C22B0423A00016EF7 /* Login */,
				04E7808422B0274900A9E3F4 /* PlaceProfile */,
				76B41ED4225230B400C1A290 /* Conversations */,
				04A6308022D10E9300CA5331 /* Search Place */,
				76B41ECF225229EA00C1A290 /* Discovery */,
				0487FF8F228EB40200A8683C /* PlaceStory */,
				4DDA117622B4442000CA0220 /* SignUp */,
				4DDA117722B58F9800CA0220 /* SignIn */,
			);
			path = Screens;
			sourceTree = "<group>";
		};
		76B41ECF225229EA00C1A290 /* Discovery */ = {
			isa = PBXGroup;
			children = (
				77ACCD0F2351BE2500D79E22 /* AppStart */,
				76B41EE7225386AC00C1A290 /* Cells */,
				76B41ED022522A1700C1A290 /* DiscoveryVC.swift */,
				76B41ED222522A4000C1A290 /* DiscoveryVM.swift */,
				76B41EDC225348BE00C1A290 /* NearByPlacesView.swift */,
				76590E20225B459700E7986A /* PlacesListFlowLayout.swift */,
				76AC2B26225BB105005B556F /* DiscoveryTopBar.swift */,
				770972422264FCF50042D6EE /* PlacesInteractor.swift */,
				77C841D623E89DA000397BEB /* DiscoveryPlacesFilterView.swift */,
			);
			path = Discovery;
			sourceTree = "<group>";
		};
		76B41ED4225230B400C1A290 /* Conversations */ = {
			isa = PBXGroup;
			children = (
				76B41ED5225230EC00C1A290 /* ConversationsViewModel.swift */,
				76B41ED72252312E00C1A290 /* ConversationsVC.swift */,
			);
			path = Conversations;
			sourceTree = "<group>";
		};
		76B41EDB225343DE00C1A290 /* Base entities */ = {
			isa = PBXGroup;
			children = (
				04D0CD6F225A96E00020DF8F /* ViewController.swift */,
				0470E6B22270B32600267278 /* AutoCompleteFilter.swift */,
			);
			path = "Base entities";
			sourceTree = "<group>";
		};
		76B41EDE22534A4B00C1A290 /* Extensions */ = {
			isa = PBXGroup;
			children = (
				4D645EAA22B043B900016EF7 /* UIColorExtension.swift */,
				76B41EDF22534A6E00C1A290 /* UIViewExtension.swift */,
				0470E6BA2270B37100267278 /* ReusableView.swift */,
				0470E6BB2270B37200267278 /* StringExtension.swift */,
				04E7808D22B0279000A9E3F4 /* DateUtils.swift */,
				0489E8212395B5BC006B5FFC /* LabelExtension.swift */,
			);
			path = Extensions;
			sourceTree = "<group>";
		};
		76B41EE7225386AC00C1A290 /* Cells */ = {
			isa = PBXGroup;
			children = (
				76B41EE82253871200C1A290 /* DiscoveryPlaceCell.swift */,
			);
			path = Cells;
			sourceTree = "<group>";
		};
		77ACCD0F2351BE2500D79E22 /* AppStart */ = {
			isa = PBXGroup;
			children = (
				77ACCD0D2351BAA000D79E22 /* AppStartVM.swift */,
				77ACCD102351BE8900D79E22 /* UsersInteracteor.swift */,
			);
			path = AppStart;
			sourceTree = "<group>";
		};
		96DEAE0556CCD7D266DF88E2 /* Pods */ = {
			isa = PBXGroup;
			children = (
				4CA0B580B065DE26AAE28FE8 /* Pods-Dizzy.debug.xcconfig */,
				78B0F6AE7CF6C5CE4C06FA01 /* Pods-Dizzy.release.xcconfig */,
			);
			name = Pods;
			sourceTree = "<group>";
		};
		E6980627A92DB44D8C6FEE6F /* Frameworks */ = {
			isa = PBXGroup;
			children = (
				E32798061D4068D236FB9EFB /* Pods_Dizzy.framework */,
			);
			name = Frameworks;
			sourceTree = "<group>";
		};
/* End PBXGroup section */

/* Begin PBXNativeTarget section */
		76B41E9F224EE9FA00C1A290 /* Dizzy */ = {
			isa = PBXNativeTarget;
			buildConfigurationList = 76B41EB2224EE9FC00C1A290 /* Build configuration list for PBXNativeTarget "Dizzy" */;
			buildPhases = (
				745ACD9C07E96F8816BF9F7F /* [CP] Check Pods Manifest.lock */,
				76B41E9C224EE9FA00C1A290 /* Sources */,
				76B41EB9224EF60300C1A290 /* Swiftlint */,
				76B41E9D224EE9FA00C1A290 /* Frameworks */,
				76B41E9E224EE9FA00C1A290 /* Resources */,
				8086389A7C6A932674403B30 /* [CP] Embed Pods Frameworks */,
				547EF7ED38B32D9E87132833 /* [CP] Copy Pods Resources */,
			);
			buildRules = (
			);
			dependencies = (
			);
			name = Dizzy;
			productName = Dizzy;
			productReference = 76B41EA0224EE9FA00C1A290 /* Dizzy.app */;
			productType = "com.apple.product-type.application";
		};
/* End PBXNativeTarget section */

/* Begin PBXProject section */
		76B41E98224EE9FA00C1A290 /* Project object */ = {
			isa = PBXProject;
			attributes = {
				LastSwiftUpdateCheck = 1010;
				LastUpgradeCheck = 1010;
				ORGANIZATIONNAME = Dizzy;
				TargetAttributes = {
					76B41E9F224EE9FA00C1A290 = {
						CreatedOnToolsVersion = 10.1;
					};
				};
			};
			buildConfigurationList = 76B41E9B224EE9FA00C1A290 /* Build configuration list for PBXProject "Dizzy" */;
			compatibilityVersion = "Xcode 9.3";
			developmentRegion = en;
			hasScannedForEncodings = 0;
			knownRegions = (
				en,
				Base,
			);
			mainGroup = 76B41E97224EE9FA00C1A290;
			productRefGroup = 76B41EA1224EE9FA00C1A290 /* Products */;
			projectDirPath = "";
			projectRoot = "";
			targets = (
				76B41E9F224EE9FA00C1A290 /* Dizzy */,
			);
		};
/* End PBXProject section */

/* Begin PBXResourcesBuildPhase section */
		76B41E9E224EE9FA00C1A290 /* Resources */ = {
			isa = PBXResourcesBuildPhase;
			buildActionMask = 2147483647;
			files = (
				76B41EAB224EE9FC00C1A290 /* Assets.xcassets in Resources */,
				5C50852823B263EF0068D432 /* dizzySplash.mp4 in Resources */,
				0454B7BE23745CC30043DEC3 /* DarkMapStyle.json in Resources */,
				6355854523854EC300E595D1 /* LaunchScreen.storyboard in Resources */,
				76B41EB8224EF3D400C1A290 /* GoogleService-Info.plist in Resources */,
			);
			runOnlyForDeploymentPostprocessing = 0;
		};
/* End PBXResourcesBuildPhase section */

/* Begin PBXShellScriptBuildPhase section */
		547EF7ED38B32D9E87132833 /* [CP] Copy Pods Resources */ = {
			isa = PBXShellScriptBuildPhase;
			buildActionMask = 2147483647;
			files = (
			);
			inputFileListPaths = (
				"${PODS_ROOT}/Target Support Files/Pods-Dizzy/Pods-Dizzy-resources-${CONFIGURATION}-input-files.xcfilelist",
			);
			name = "[CP] Copy Pods Resources";
			outputFileListPaths = (
				"${PODS_ROOT}/Target Support Files/Pods-Dizzy/Pods-Dizzy-resources-${CONFIGURATION}-output-files.xcfilelist",
			);
			runOnlyForDeploymentPostprocessing = 0;
			shellPath = /bin/sh;
			shellScript = "\"${PODS_ROOT}/Target Support Files/Pods-Dizzy/Pods-Dizzy-resources.sh\"\n";
			showEnvVarsInLog = 0;
		};
		745ACD9C07E96F8816BF9F7F /* [CP] Check Pods Manifest.lock */ = {
			isa = PBXShellScriptBuildPhase;
			buildActionMask = 2147483647;
			files = (
			);
			inputPaths = (
				"${PODS_PODFILE_DIR_PATH}/Podfile.lock",
				"${PODS_ROOT}/Manifest.lock",
			);
			name = "[CP] Check Pods Manifest.lock";
			outputPaths = (
				"$(DERIVED_FILE_DIR)/Pods-Dizzy-checkManifestLockResult.txt",
			);
			runOnlyForDeploymentPostprocessing = 0;
			shellPath = /bin/sh;
			shellScript = "diff \"${PODS_PODFILE_DIR_PATH}/Podfile.lock\" \"${PODS_ROOT}/Manifest.lock\" > /dev/null\nif [ $? != 0 ] ; then\n    # print error to STDERR\n    echo \"error: The sandbox is not in sync with the Podfile.lock. Run 'pod install' or update your CocoaPods installation.\" >&2\n    exit 1\nfi\n# This output is used by Xcode 'outputs' to avoid re-running this script phase.\necho \"SUCCESS\" > \"${SCRIPT_OUTPUT_FILE_0}\"\n";
			showEnvVarsInLog = 0;
		};
		76B41EB9224EF60300C1A290 /* Swiftlint */ = {
			isa = PBXShellScriptBuildPhase;
			buildActionMask = 2147483647;
			files = (
			);
			inputFileListPaths = (
			);
			inputPaths = (
			);
			name = Swiftlint;
			outputFileListPaths = (
			);
			outputPaths = (
			);
			runOnlyForDeploymentPostprocessing = 0;
			shellPath = /bin/sh;
			shellScript = "\"${PODS_ROOT}/SwiftLint/swiftlint\" lint | sed 's/warning:/error:/g'\n";
		};
		8086389A7C6A932674403B30 /* [CP] Embed Pods Frameworks */ = {
			isa = PBXShellScriptBuildPhase;
			buildActionMask = 2147483647;
			files = (
			);
			inputFileListPaths = (
				"${PODS_ROOT}/Target Support Files/Pods-Dizzy/Pods-Dizzy-frameworks-${CONFIGURATION}-input-files.xcfilelist",
			);
			name = "[CP] Embed Pods Frameworks";
			outputFileListPaths = (
				"${PODS_ROOT}/Target Support Files/Pods-Dizzy/Pods-Dizzy-frameworks-${CONFIGURATION}-output-files.xcfilelist",
			);
			runOnlyForDeploymentPostprocessing = 0;
			shellPath = /bin/sh;
			shellScript = "\"${PODS_ROOT}/Target Support Files/Pods-Dizzy/Pods-Dizzy-frameworks.sh\"\n";
			showEnvVarsInLog = 0;
		};
/* End PBXShellScriptBuildPhase section */

/* Begin PBXSourcesBuildPhase section */
		76B41E9C224EE9FA00C1A290 /* Sources */ = {
			isa = PBXSourcesBuildPhase;
			buildActionMask = 2147483647;
			files = (
				77BF3959239BC3FE00BA41D6 /* PlaceEventView.swift in Sources */,
				77AD08AE22B16DD8004F8588 /* SignUpInteractor.swift in Sources */,
				04D0CD70225A96E00020DF8F /* ViewController.swift in Sources */,
				041724C123788F4500E0A5D9 /* AdminPlaceCell.swift in Sources */,
				4DA64E9622C4041F001D5A1A /* LogoutInteractor.swift in Sources */,
				76B41EBE2250C8ED00C1A290 /* AppCoordinator.swift in Sources */,
				04D0CCF8225732220020DF8F /* WebServiceDispatcher.swift in Sources */,
				0487FFA8228EB4AF00A8683C /* TextFieldBuilder.swift in Sources */,
				77ACCD132351C41200D79E22 /* MyUserDefaults.swift in Sources */,
				04E7808B22B0274900A9E3F4 /* PlaceProfileCoordinator.swift in Sources */,
				0470E6B62270B32600267278 /* AutoCompleteFilter.swift in Sources */,
				0487FFAD228EB4AF00A8683C /* ViewBuilder.swift in Sources */,
				77ACCD0E2351BAA000D79E22 /* AppStartVM.swift in Sources */,
				0489E8222395B5BC006B5FFC /* LabelExtension.swift in Sources */,
				776210D82379F1EE00D85F9D /* PlaceReservationRequestor.swift in Sources */,
				0487FFAC228EB4AF00A8683C /* LocationLabel.swift in Sources */,
				4D0705B722D155AB009D6236 /* CommentsInteractor.swift in Sources */,
				77A0604B22AAA64F008FE39D /* SignUpWithDizzyVC.swift in Sources */,
				77A0605122AD8AE3008FE39D /* SignUpDetails.swift in Sources */,
				041D95C52253D84F009ED7AB /* WebResource.swift in Sources */,
				04A6308222D10EC500CA5331 /* SearchPlaceCoordinator.swift in Sources */,
				223F408023C3C55500AE8EDF /* PlaceMenuVM.swift in Sources */,
				4D0705AF22D1558B009D6236 /* MapSearchTableViewCell.swift in Sources */,
				4DDA117C22B58F9800CA0220 /* SignInWithDizzyVC.swift in Sources */,
				223F407E23C3C53400AE8EDF /* PlaceMenuVC.swift in Sources */,
				041D95C32253D733009ED7AB /* WebService.swift in Sources */,
				4D0705BF22D157B1009D6236 /* PlaceStoryCoordinator.swift in Sources */,
				0470E6BC2270B37200267278 /* ReusableView.swift in Sources */,
				04B454FF22CD338A001C7AD4 /* UploadFileData.swift in Sources */,
				04B4550522CD3423001C7AD4 /* GooglePlaceInteractor.swift in Sources */,
				0487FF9C228EB40200A8683C /* PlaceStoryVC.swift in Sources */,
				04B4550622CD3423001C7AD4 /* UploadFileInteractor.swift in Sources */,
				4D645EA322B0423B00016EF7 /* LoginVC.swift in Sources */,
				041724BB237856BA00E0A5D9 /* AdminSettingsCoordinator.swift in Sources */,
				4DDA117E22B58F9800CA0220 /* SignInInteractor.swift in Sources */,
				0487FF9A228EB40200A8683C /* CommentsView.swift in Sources */,
				76B41EC42251271700C1A290 /* CoordinatorKey.swift in Sources */,
				0489E8202395B2D0006B5FFC /* ReservationsTitleView.swift in Sources */,
				4D645EA922B0426700016EF7 /* LoginCoordinator.swift in Sources */,
				4D0705AB22D1558B009D6236 /* MapSearchVC.swift in Sources */,
				76B41EE622535B3D00C1A290 /* Fonts.swift in Sources */,
				041724BD23787A8A00E0A5D9 /* CardVC.swift in Sources */,
				04E7808A22B0274900A9E3F4 /* PlaceProfileVM.swift in Sources */,
				76B41ED122522A1700C1A290 /* DiscoveryVC.swift in Sources */,
				770972432264FCF50042D6EE /* PlacesInteractor.swift in Sources */,
				4D0705AE22D1558B009D6236 /* MapVC.swift in Sources */,
				76B41EDD225348BE00C1A290 /* NearByPlacesView.swift in Sources */,
				4D645EA422B0423B00016EF7 /* LoginVM.swift in Sources */,
				0415EC37225E5C1C009BCBC7 /* LocationProvider.swift in Sources */,
				4D0705BD22D15799009D6236 /* StoriesInteractor.swift in Sources */,
				04E7809522B0280500A9E3F4 /* ExternalPlaceData.swift in Sources */,
				77C841D723E89DA000397BEB /* DiscoveryPlacesFilterView.swift in Sources */,
				77A51F3F23DB35310019D2C9 /* AsyncMediaLoader.swift in Sources */,
				76B41EE92253871200C1A290 /* DiscoveryPlaceCell.swift in Sources */,
				0487FFAB228EB4AF00A8683C /* LoadingContainer.swift in Sources */,
				77AD08B022B1870B004F8588 /* DizzyUser.swift in Sources */,
				77A0605522AD9284008FE39D /* SignupWebservice.swift in Sources */,
				04B454F922CD315B001C7AD4 /* UploadStoryCoordinator.swift in Sources */,
				04B454FD22CD337F001C7AD4 /* CameraSessionController.swift in Sources */,
				0487FFA9228EB4AF00A8683C /* ButtonBuilder.swift in Sources */,
				041724BF2378850800E0A5D9 /* PlaceId.swift in Sources */,
				4D645EA522B0423B00016EF7 /* AppInfoView.swift in Sources */,
				046613D323846B9F00692413 /* ReserveTableVM.swift in Sources */,
				04B454FB22CD315B001C7AD4 /* MediaPresenterVM.swift in Sources */,
				04E7808E22B0279000A9E3F4 /* DateUtils.swift in Sources */,
				04D0CCF6225731890020DF8F /* FirebaseWebService.swift in Sources */,
				4DAF17BC22CE9AA3004F7DB7 /* ExternalNavigationProvider.swift in Sources */,
				76B41ED82252312E00C1A290 /* ConversationsVC.swift in Sources */,
				0489E8282395C006006B5FFC /* ReservationsData.swift in Sources */,
				4D0705AD22D1558B009D6236 /* MapVM.swift in Sources */,
				4D0705AC22D1558B009D6236 /* MapCoordinator.swift in Sources */,
				4DDA118122B596CE00CA0220 /* SignInWebservice.swift in Sources */,
				4DDA117522B4429300CA0220 /* UserProfileView.swift in Sources */,
				04B454F822CD315B001C7AD4 /* UploadStoryVC.swift in Sources */,
				76B41ED6225230EC00C1A290 /* ConversationsViewModel.swift in Sources */,
				4D0705A322D1557A009D6236 /* PlaceMedia.swift in Sources */,
				4D0705B622D155AB009D6236 /* CommentCell.swift in Sources */,
				0470E6AE2270B2E000267278 /* GoogleMap.swift in Sources */,
				4DDA117D22B58F9800CA0220 /* SignInDetailsView.swift in Sources */,
				04B454FA22CD315B001C7AD4 /* UploadStoryVM.swift in Sources */,
				76B41EE022534A6E00C1A290 /* UIViewExtension.swift in Sources */,
				4D645EA622B0423B00016EF7 /* AppInfosView.swift in Sources */,
				76B41EBC2250C8C200C1A290 /* Coordinator.swift in Sources */,
				4D645EAB22B043B900016EF7 /* UIColorExtension.swift in Sources */,
				0487FFA6228EB4AF00A8683C /* PlaceMarkerView.swift in Sources */,
				0487FF97228EB40200A8683C /* PlaceStoryVM.swift in Sources */,
				76AC2B27225BB105005B556F /* DiscoveryTopBar.swift in Sources */,
				4DDA117F22B58F9800CA0220 /* SignInWithDizzyVM.swift in Sources */,
				040F56DA23946600009CB1A9 /* AdminAnalyticsView.swift in Sources */,
				76B41ED322522A4000C1A290 /* DiscoveryVM.swift in Sources */,
				4D645EA722B0423B00016EF7 /* LoginSelectionView.swift in Sources */,
				7762328F22D15C1300156DC7 /* DizzyLoadingView.swift in Sources */,
				7752953522CD3F0E009A85C1 /* VideoView.swift in Sources */,
				4DFBA48422BEB8B600BB0F4F /* KeyboardHandler.swift in Sources */,
				4D0705A222D1557A009D6236 /* PlaceInfo.swift in Sources */,
				77ACCD112351BE8900D79E22 /* UsersInteracteor.swift in Sources */,
				76B41EDA2253381900C1A290 /* Images.swift in Sources */,
				76B41EE222534C1C00C1A290 /* Metrics.swift in Sources */,
				4D0705A122D15579009D6236 /* Comment.swift in Sources */,
				04E7808922B0274900A9E3F4 /* PlaceProfileVC.swift in Sources */,
				77A0604D22AAA899008FE39D /* SignUpWithDizzyVM.swift in Sources */,
				77BF395B239BE89400BA41D6 /* StoryCoordinatorOpener.swift in Sources */,
				041724B82378546800E0A5D9 /* AdminPlacesVC.swift in Sources */,
				76B41EB6224EF16200C1A290 /* Assembly.swift in Sources */,
				4DA64E9A22C7F99B001D5A1A /* PlaceImageView.swift in Sources */,
				4DA64E9822C4067B001D5A1A /* LogoutWebService.swift in Sources */,
				0470E6B52270B32600267278 /* PlaceSearchVC.swift in Sources */,
				0415EC39225E6086009BCBC7 /* Observable.swift in Sources */,
				044B406A22CD37080061388C /* PopupPresenter.swift in Sources */,
				76B41EC622520B0800C1A290 /* HomeCoordinator.swift in Sources */,
				0489E8242395BBE8006B5FFC /* ReservationsDataSource.swift in Sources */,
				4DFBA48622BEC5D800BB0F4F /* InputValidator.swift in Sources */,
				76590E21225B459700E7986A /* PlacesListFlowLayout.swift in Sources */,
				04E7809322B027CF00A9E3F4 /* Colors.swift in Sources */,
				04B454F722CD315B001C7AD4 /* MediaPresenterVC.swift in Sources */,
				0487FFAA228EB4AF00A8683C /* NavigationBuilder.swift in Sources */,
				4D0705B022D1558B009D6236 /* MapSearchVM.swift in Sources */,
				77A0604F22AAB2D1008FE39D /* SignUpDetailsView.swift in Sources */,
				0489E82A2395C69F006B5FFC /* ReservationCell.swift in Sources */,
				4DFBA48122BEB3C100BB0F4F /* SignInDetails.swift in Sources */,
				0470E6B42270B32600267278 /* PlaceSearchTableViewCell.swift in Sources */,
				0470E6B42270B32600267278 /* PlaceSearchTableViewCell.swift in Sources */,
				0470E6BD2270B37200267278 /* StringExtension.swift in Sources */,
				76B41EA4224EE9FA00C1A290 /* AppDelegate.swift in Sources */,
				046613D123846B8C00692413 /* ReserveTableVC.swift in Sources */,
				0487FF99228EB40200A8683C /* CommentTextFieldView.swift in Sources */,
				776210D623785B4600D85F9D /* PlaceInfoView.swift in Sources */,
				77611A3D23644B8A00DB04F9 /* DizzyPopup.swift in Sources */,
				04E7808C22B0274900A9E3F4 /* PlaceProfileView.swift in Sources */,
				775DB06623800A3000DE67C2 /* SearchBar.swift in Sources */,
				76B41ECB2252149000C1A290 /* TabItem.swift in Sources */,
				041724C52379481300E0A5D9 /* AdminPlaceAnalyticsVM.swift in Sources */,
				041724B62378545C00E0A5D9 /* AdminPlacesVM.swift in Sources */,
				041724C72379482200E0A5D9 /* AdminPlaceAnalyticsVC.swift in Sources */,
				0470E6B72270B32600267278 /* PlaceSearchVM.swift in Sources */,
				77DAA9A423033CA6003EDC3E /* CommentsTextField.swift in Sources */,
			);
			runOnlyForDeploymentPostprocessing = 0;
		};
/* End PBXSourcesBuildPhase section */

/* Begin XCBuildConfiguration section */
		76B41EB0224EE9FC00C1A290 /* Debug */ = {
			isa = XCBuildConfiguration;
			buildSettings = {
				ALWAYS_SEARCH_USER_PATHS = NO;
				CLANG_ANALYZER_NONNULL = YES;
				CLANG_ANALYZER_NUMBER_OBJECT_CONVERSION = YES_AGGRESSIVE;
				CLANG_CXX_LANGUAGE_STANDARD = "gnu++14";
				CLANG_CXX_LIBRARY = "libc++";
				CLANG_ENABLE_MODULES = YES;
				CLANG_ENABLE_OBJC_ARC = YES;
				CLANG_ENABLE_OBJC_WEAK = YES;
				CLANG_WARN_BLOCK_CAPTURE_AUTORELEASING = YES;
				CLANG_WARN_BOOL_CONVERSION = YES;
				CLANG_WARN_COMMA = YES;
				CLANG_WARN_CONSTANT_CONVERSION = YES;
				CLANG_WARN_DEPRECATED_OBJC_IMPLEMENTATIONS = YES;
				CLANG_WARN_DIRECT_OBJC_ISA_USAGE = YES_ERROR;
				CLANG_WARN_DOCUMENTATION_COMMENTS = YES;
				CLANG_WARN_EMPTY_BODY = YES;
				CLANG_WARN_ENUM_CONVERSION = YES;
				CLANG_WARN_INFINITE_RECURSION = YES;
				CLANG_WARN_INT_CONVERSION = YES;
				CLANG_WARN_NON_LITERAL_NULL_CONVERSION = YES;
				CLANG_WARN_OBJC_IMPLICIT_RETAIN_SELF = YES;
				CLANG_WARN_OBJC_LITERAL_CONVERSION = YES;
				CLANG_WARN_OBJC_ROOT_CLASS = YES_ERROR;
				CLANG_WARN_RANGE_LOOP_ANALYSIS = YES;
				CLANG_WARN_STRICT_PROTOTYPES = YES;
				CLANG_WARN_SUSPICIOUS_MOVE = YES;
				CLANG_WARN_UNGUARDED_AVAILABILITY = YES_AGGRESSIVE;
				CLANG_WARN_UNREACHABLE_CODE = YES;
				CLANG_WARN__DUPLICATE_METHOD_MATCH = YES;
				CODE_SIGN_IDENTITY = "iPhone Developer";
				COPY_PHASE_STRIP = NO;
				DEBUG_INFORMATION_FORMAT = dwarf;
				ENABLE_STRICT_OBJC_MSGSEND = YES;
				ENABLE_TESTABILITY = YES;
				GCC_C_LANGUAGE_STANDARD = gnu11;
				GCC_DYNAMIC_NO_PIC = NO;
				GCC_NO_COMMON_BLOCKS = YES;
				GCC_OPTIMIZATION_LEVEL = 0;
				GCC_PREPROCESSOR_DEFINITIONS = (
					"DEBUG=1",
					"$(inherited)",
				);
				GCC_TREAT_WARNINGS_AS_ERRORS = YES;
				GCC_WARN_64_TO_32_BIT_CONVERSION = YES;
				GCC_WARN_ABOUT_RETURN_TYPE = YES_ERROR;
				GCC_WARN_UNDECLARED_SELECTOR = YES;
				GCC_WARN_UNINITIALIZED_AUTOS = YES_AGGRESSIVE;
				GCC_WARN_UNUSED_FUNCTION = YES;
				GCC_WARN_UNUSED_VARIABLE = YES;
				IPHONEOS_DEPLOYMENT_TARGET = 11.0;
				MTL_ENABLE_DEBUG_INFO = INCLUDE_SOURCE;
				MTL_FAST_MATH = YES;
				ONLY_ACTIVE_ARCH = YES;
				SDKROOT = iphoneos;
				SWIFT_ACTIVE_COMPILATION_CONDITIONS = DEBUG;
				SWIFT_OPTIMIZATION_LEVEL = "-Onone";
			};
			name = Debug;
		};
		76B41EB1224EE9FC00C1A290 /* Release */ = {
			isa = XCBuildConfiguration;
			buildSettings = {
				ALWAYS_SEARCH_USER_PATHS = NO;
				CLANG_ANALYZER_NONNULL = YES;
				CLANG_ANALYZER_NUMBER_OBJECT_CONVERSION = YES_AGGRESSIVE;
				CLANG_CXX_LANGUAGE_STANDARD = "gnu++14";
				CLANG_CXX_LIBRARY = "libc++";
				CLANG_ENABLE_MODULES = YES;
				CLANG_ENABLE_OBJC_ARC = YES;
				CLANG_ENABLE_OBJC_WEAK = YES;
				CLANG_WARN_BLOCK_CAPTURE_AUTORELEASING = YES;
				CLANG_WARN_BOOL_CONVERSION = YES;
				CLANG_WARN_COMMA = YES;
				CLANG_WARN_CONSTANT_CONVERSION = YES;
				CLANG_WARN_DEPRECATED_OBJC_IMPLEMENTATIONS = YES;
				CLANG_WARN_DIRECT_OBJC_ISA_USAGE = YES_ERROR;
				CLANG_WARN_DOCUMENTATION_COMMENTS = YES;
				CLANG_WARN_EMPTY_BODY = YES;
				CLANG_WARN_ENUM_CONVERSION = YES;
				CLANG_WARN_INFINITE_RECURSION = YES;
				CLANG_WARN_INT_CONVERSION = YES;
				CLANG_WARN_NON_LITERAL_NULL_CONVERSION = YES;
				CLANG_WARN_OBJC_IMPLICIT_RETAIN_SELF = YES;
				CLANG_WARN_OBJC_LITERAL_CONVERSION = YES;
				CLANG_WARN_OBJC_ROOT_CLASS = YES_ERROR;
				CLANG_WARN_RANGE_LOOP_ANALYSIS = YES;
				CLANG_WARN_STRICT_PROTOTYPES = YES;
				CLANG_WARN_SUSPICIOUS_MOVE = YES;
				CLANG_WARN_UNGUARDED_AVAILABILITY = YES_AGGRESSIVE;
				CLANG_WARN_UNREACHABLE_CODE = YES;
				CLANG_WARN__DUPLICATE_METHOD_MATCH = YES;
				CODE_SIGN_IDENTITY = "iPhone Developer";
				COPY_PHASE_STRIP = NO;
				DEBUG_INFORMATION_FORMAT = "dwarf-with-dsym";
				ENABLE_NS_ASSERTIONS = NO;
				ENABLE_STRICT_OBJC_MSGSEND = YES;
				GCC_C_LANGUAGE_STANDARD = gnu11;
				GCC_NO_COMMON_BLOCKS = YES;
				GCC_TREAT_WARNINGS_AS_ERRORS = YES;
				GCC_WARN_64_TO_32_BIT_CONVERSION = YES;
				GCC_WARN_ABOUT_RETURN_TYPE = YES_ERROR;
				GCC_WARN_UNDECLARED_SELECTOR = YES;
				GCC_WARN_UNINITIALIZED_AUTOS = YES_AGGRESSIVE;
				GCC_WARN_UNUSED_FUNCTION = YES;
				GCC_WARN_UNUSED_VARIABLE = YES;
				IPHONEOS_DEPLOYMENT_TARGET = 11.0;
				MTL_ENABLE_DEBUG_INFO = NO;
				MTL_FAST_MATH = YES;
				SDKROOT = iphoneos;
				SWIFT_COMPILATION_MODE = wholemodule;
				SWIFT_OPTIMIZATION_LEVEL = "-O";
				VALIDATE_PRODUCT = YES;
			};
			name = Release;
		};
		76B41EB3224EE9FC00C1A290 /* Debug */ = {
			isa = XCBuildConfiguration;
			baseConfigurationReference = 4CA0B580B065DE26AAE28FE8 /* Pods-Dizzy.debug.xcconfig */;
			buildSettings = {
				ASSETCATALOG_COMPILER_APPICON_NAME = AppIcon;
				CODE_SIGN_STYLE = Automatic;
				DEVELOPMENT_TEAM = "";
				INFOPLIST_FILE = Dizzy/Info.plist;
				LD_RUNPATH_SEARCH_PATHS = (
					"$(inherited)",
					"@executable_path/Frameworks",
				);
				PRODUCT_BUNDLE_IDENTIFIER = com.Dizzy.Dizzy;
				PRODUCT_NAME = "$(TARGET_NAME)";
				SWIFT_VERSION = 4.2;
				TARGETED_DEVICE_FAMILY = 1;
			};
			name = Debug;
		};
		76B41EB4224EE9FC00C1A290 /* Release */ = {
			isa = XCBuildConfiguration;
			baseConfigurationReference = 78B0F6AE7CF6C5CE4C06FA01 /* Pods-Dizzy.release.xcconfig */;
			buildSettings = {
				ASSETCATALOG_COMPILER_APPICON_NAME = AppIcon;
				CODE_SIGN_STYLE = Automatic;
				DEVELOPMENT_TEAM = "";
				INFOPLIST_FILE = Dizzy/Info.plist;
				LD_RUNPATH_SEARCH_PATHS = (
					"$(inherited)",
					"@executable_path/Frameworks",
				);
				PRODUCT_BUNDLE_IDENTIFIER = com.Dizzy.Dizzy;
				PRODUCT_NAME = "$(TARGET_NAME)";
				SWIFT_VERSION = 4.2;
				TARGETED_DEVICE_FAMILY = 1;
			};
			name = Release;
		};
/* End XCBuildConfiguration section */

/* Begin XCConfigurationList section */
		76B41E9B224EE9FA00C1A290 /* Build configuration list for PBXProject "Dizzy" */ = {
			isa = XCConfigurationList;
			buildConfigurations = (
				76B41EB0224EE9FC00C1A290 /* Debug */,
				76B41EB1224EE9FC00C1A290 /* Release */,
			);
			defaultConfigurationIsVisible = 0;
			defaultConfigurationName = Release;
		};
		76B41EB2224EE9FC00C1A290 /* Build configuration list for PBXNativeTarget "Dizzy" */ = {
			isa = XCConfigurationList;
			buildConfigurations = (
				76B41EB3224EE9FC00C1A290 /* Debug */,
				76B41EB4224EE9FC00C1A290 /* Release */,
			);
			defaultConfigurationIsVisible = 0;
			defaultConfigurationName = Release;
		};
/* End XCConfigurationList section */
	};
	rootObject = 76B41E98224EE9FA00C1A290 /* Project object */;
}
