// !$*UTF8*$!
{
	archiveVersion = 1;
	classes = {
	};
	objectVersion = 50;
	objects = {

/* Begin PBXBuildFile section */
		0415EC37225E5C1C009BCBC7 /* LocationProvider.swift in Sources */ = {isa = PBXBuildFile; fileRef = 0415EC36225E5C1C009BCBC7 /* LocationProvider.swift */; };
		0415EC39225E6086009BCBC7 /* Observable.swift in Sources */ = {isa = PBXBuildFile; fileRef = 0415EC38225E6086009BCBC7 /* Observable.swift */; };
		041D95C32253D733009ED7AB /* WebService.swift in Sources */ = {isa = PBXBuildFile; fileRef = 041D95C22253D733009ED7AB /* WebService.swift */; };
		041D95C52253D84F009ED7AB /* WebResource.swift in Sources */ = {isa = PBXBuildFile; fileRef = 041D95C42253D84F009ED7AB /* WebResource.swift */; };
		046ECB27226513F5000A5768 /* NavigationBuilder.swift in Sources */ = {isa = PBXBuildFile; fileRef = 046ECB26226513F5000A5768 /* NavigationBuilder.swift */; };
		04D0CCF6225731890020DF8F /* FirebaseWebService.swift in Sources */ = {isa = PBXBuildFile; fileRef = 04D0CCF5225731880020DF8F /* FirebaseWebService.swift */; };
		04D0CCF8225732220020DF8F /* WebServiceDispatcher.swift in Sources */ = {isa = PBXBuildFile; fileRef = 04D0CCF7225732220020DF8F /* WebServiceDispatcher.swift */; };
		04D0CD70225A96E00020DF8F /* ViewController.swift in Sources */ = {isa = PBXBuildFile; fileRef = 04D0CD6F225A96E00020DF8F /* ViewController.swift */; };
		04ECE40F2263B47800E10F70 /* MapVM.swift in Sources */ = {isa = PBXBuildFile; fileRef = 04ECE40C2263B47800E10F70 /* MapVM.swift */; };
		04ECE4112263B47800E10F70 /* MapVC.swift in Sources */ = {isa = PBXBuildFile; fileRef = 04ECE40E2263B47800E10F70 /* MapVC.swift */; };
		04ECE4142263B4A900E10F70 /* GoogleMap.swift in Sources */ = {isa = PBXBuildFile; fileRef = 04ECE4132263B4A900E10F70 /* GoogleMap.swift */; };
		50C3CDC80D9DEBCFA8064E87 /* Pods_Dizzy.framework in Frameworks */ = {isa = PBXBuildFile; fileRef = E32798061D4068D236FB9EFB /* Pods_Dizzy.framework */; };
		76590E21225B459700E7986A /* PlacesListFlowLayout.swift in Sources */ = {isa = PBXBuildFile; fileRef = 76590E20225B459700E7986A /* PlacesListFlowLayout.swift */; };
		76AC2B27225BB105005B556F /* DiscoveryTopBar.swift in Sources */ = {isa = PBXBuildFile; fileRef = 76AC2B26225BB105005B556F /* DiscoveryTopBar.swift */; };
		76AC2B2A225BBAF8005B556F /* LocationLabel.swift in Sources */ = {isa = PBXBuildFile; fileRef = 76AC2B29225BBAF8005B556F /* LocationLabel.swift */; };
		76B41EA4224EE9FA00C1A290 /* AppDelegate.swift in Sources */ = {isa = PBXBuildFile; fileRef = 76B41EA3224EE9FA00C1A290 /* AppDelegate.swift */; };
		76B41EAB224EE9FC00C1A290 /* Assets.xcassets in Resources */ = {isa = PBXBuildFile; fileRef = 76B41EAA224EE9FC00C1A290 /* Assets.xcassets */; };
		76B41EAE224EE9FC00C1A290 /* LaunchScreen.storyboard in Resources */ = {isa = PBXBuildFile; fileRef = 76B41EAC224EE9FC00C1A290 /* LaunchScreen.storyboard */; };
		76B41EB6224EF16200C1A290 /* Assembly.swift in Sources */ = {isa = PBXBuildFile; fileRef = 76B41EB5224EF16200C1A290 /* Assembly.swift */; };
		76B41EB8224EF3D400C1A290 /* GoogleService-Info.plist in Resources */ = {isa = PBXBuildFile; fileRef = 76B41EB7224EF3D400C1A290 /* GoogleService-Info.plist */; };
		76B41EBC2250C8C200C1A290 /* Coordinator.swift in Sources */ = {isa = PBXBuildFile; fileRef = 76B41EBB2250C8C200C1A290 /* Coordinator.swift */; };
		76B41EBE2250C8ED00C1A290 /* AppCoordinator.swift in Sources */ = {isa = PBXBuildFile; fileRef = 76B41EBD2250C8ED00C1A290 /* AppCoordinator.swift */; };
		76B41EC42251271700C1A290 /* CoordinatorKey.swift in Sources */ = {isa = PBXBuildFile; fileRef = 76B41EC32251271700C1A290 /* CoordinatorKey.swift */; };
		76B41EC622520B0800C1A290 /* HomeCoordinator.swift in Sources */ = {isa = PBXBuildFile; fileRef = 76B41EC522520B0800C1A290 /* HomeCoordinator.swift */; };
		76B41ECB2252149000C1A290 /* TabItem.swift in Sources */ = {isa = PBXBuildFile; fileRef = 76B41ECA2252149000C1A290 /* TabItem.swift */; };
		76B41ED122522A1700C1A290 /* DiscoveryVC.swift in Sources */ = {isa = PBXBuildFile; fileRef = 76B41ED022522A1700C1A290 /* DiscoveryVC.swift */; };
		76B41ED322522A4000C1A290 /* DiscoveryVM.swift in Sources */ = {isa = PBXBuildFile; fileRef = 76B41ED222522A4000C1A290 /* DiscoveryVM.swift */; };
		76B41ED6225230EC00C1A290 /* ConversationsViewModel.swift in Sources */ = {isa = PBXBuildFile; fileRef = 76B41ED5225230EC00C1A290 /* ConversationsViewModel.swift */; };
		76B41ED82252312E00C1A290 /* ConversationsVC.swift in Sources */ = {isa = PBXBuildFile; fileRef = 76B41ED72252312E00C1A290 /* ConversationsVC.swift */; };
		76B41EDA2253381900C1A290 /* Images.swift in Sources */ = {isa = PBXBuildFile; fileRef = 76B41ED92253381900C1A290 /* Images.swift */; };
		76B41EDD225348BE00C1A290 /* NearByPlacesView.swift in Sources */ = {isa = PBXBuildFile; fileRef = 76B41EDC225348BE00C1A290 /* NearByPlacesView.swift */; };
		76B41EE022534A6E00C1A290 /* UIViewExtension.swift in Sources */ = {isa = PBXBuildFile; fileRef = 76B41EDF22534A6E00C1A290 /* UIViewExtension.swift */; };
		76B41EE222534C1C00C1A290 /* Metrics.swift in Sources */ = {isa = PBXBuildFile; fileRef = 76B41EE122534C1C00C1A290 /* Metrics.swift */; };
		76B41EE622535B3D00C1A290 /* Fonts.swift in Sources */ = {isa = PBXBuildFile; fileRef = 76B41EE522535B3D00C1A290 /* Fonts.swift */; };
		76B41EE92253871200C1A290 /* DiscoveryPlaceCell.swift in Sources */ = {isa = PBXBuildFile; fileRef = 76B41EE82253871200C1A290 /* DiscoveryPlaceCell.swift */; };
		770972432264FCF50042D6EE /* PlacesInteractor.swift in Sources */ = {isa = PBXBuildFile; fileRef = 770972422264FCF50042D6EE /* PlacesInteractor.swift */; };
		772354D7226A040100BD1488 /* MapCoordinator.swift in Sources */ = {isa = PBXBuildFile; fileRef = 772354D6226A040100BD1488 /* MapCoordinator.swift */; };
		772354D9226A045A00BD1488 /* PlaceInfo.swift in Sources */ = {isa = PBXBuildFile; fileRef = 772354D8226A045A00BD1488 /* PlaceInfo.swift */; };
/* End PBXBuildFile section */

/* Begin PBXFileReference section */
		0415EC36225E5C1C009BCBC7 /* LocationProvider.swift */ = {isa = PBXFileReference; lastKnownFileType = sourcecode.swift; path = LocationProvider.swift; sourceTree = "<group>"; };
		0415EC38225E6086009BCBC7 /* Observable.swift */ = {isa = PBXFileReference; lastKnownFileType = sourcecode.swift; path = Observable.swift; sourceTree = "<group>"; };
		041D95C22253D733009ED7AB /* WebService.swift */ = {isa = PBXFileReference; lastKnownFileType = sourcecode.swift; path = WebService.swift; sourceTree = "<group>"; };
		041D95C42253D84F009ED7AB /* WebResource.swift */ = {isa = PBXFileReference; lastKnownFileType = sourcecode.swift; path = WebResource.swift; sourceTree = "<group>"; };
		046ECB26226513F5000A5768 /* NavigationBuilder.swift */ = {isa = PBXFileReference; lastKnownFileType = sourcecode.swift; path = NavigationBuilder.swift; sourceTree = "<group>"; };
		04D0CCF5225731880020DF8F /* FirebaseWebService.swift */ = {isa = PBXFileReference; lastKnownFileType = sourcecode.swift; path = FirebaseWebService.swift; sourceTree = "<group>"; };
		04D0CCF7225732220020DF8F /* WebServiceDispatcher.swift */ = {isa = PBXFileReference; lastKnownFileType = sourcecode.swift; path = WebServiceDispatcher.swift; sourceTree = "<group>"; };
		04D0CD6F225A96E00020DF8F /* ViewController.swift */ = {isa = PBXFileReference; fileEncoding = 4; lastKnownFileType = sourcecode.swift; path = ViewController.swift; sourceTree = "<group>"; };
		04ECE40C2263B47800E10F70 /* MapVM.swift */ = {isa = PBXFileReference; fileEncoding = 4; lastKnownFileType = sourcecode.swift; path = MapVM.swift; sourceTree = "<group>"; };
		04ECE40E2263B47800E10F70 /* MapVC.swift */ = {isa = PBXFileReference; fileEncoding = 4; lastKnownFileType = sourcecode.swift; path = MapVC.swift; sourceTree = "<group>"; };
		04ECE4132263B4A900E10F70 /* GoogleMap.swift */ = {isa = PBXFileReference; lastKnownFileType = sourcecode.swift; path = GoogleMap.swift; sourceTree = "<group>"; };
		4CA0B580B065DE26AAE28FE8 /* Pods-Dizzy.debug.xcconfig */ = {isa = PBXFileReference; includeInIndex = 1; lastKnownFileType = text.xcconfig; name = "Pods-Dizzy.debug.xcconfig"; path = "Pods/Target Support Files/Pods-Dizzy/Pods-Dizzy.debug.xcconfig"; sourceTree = "<group>"; };
		76590E20225B459700E7986A /* PlacesListFlowLayout.swift */ = {isa = PBXFileReference; lastKnownFileType = sourcecode.swift; path = PlacesListFlowLayout.swift; sourceTree = "<group>"; };
		76AC2B26225BB105005B556F /* DiscoveryTopBar.swift */ = {isa = PBXFileReference; lastKnownFileType = sourcecode.swift; path = DiscoveryTopBar.swift; sourceTree = "<group>"; };
		76AC2B29225BBAF8005B556F /* LocationLabel.swift */ = {isa = PBXFileReference; lastKnownFileType = sourcecode.swift; path = LocationLabel.swift; sourceTree = "<group>"; };
		76B41EA0224EE9FA00C1A290 /* Dizzy.app */ = {isa = PBXFileReference; explicitFileType = wrapper.application; includeInIndex = 0; path = Dizzy.app; sourceTree = BUILT_PRODUCTS_DIR; };
		76B41EA3224EE9FA00C1A290 /* AppDelegate.swift */ = {isa = PBXFileReference; lastKnownFileType = sourcecode.swift; path = AppDelegate.swift; sourceTree = "<group>"; };
		76B41EAA224EE9FC00C1A290 /* Assets.xcassets */ = {isa = PBXFileReference; lastKnownFileType = folder.assetcatalog; path = Assets.xcassets; sourceTree = "<group>"; };
		76B41EAD224EE9FC00C1A290 /* Base */ = {isa = PBXFileReference; lastKnownFileType = file.storyboard; name = Base; path = Base.lproj/LaunchScreen.storyboard; sourceTree = "<group>"; };
		76B41EAF224EE9FC00C1A290 /* Info.plist */ = {isa = PBXFileReference; lastKnownFileType = text.plist.xml; path = Info.plist; sourceTree = "<group>"; };
		76B41EB5224EF16200C1A290 /* Assembly.swift */ = {isa = PBXFileReference; lastKnownFileType = sourcecode.swift; path = Assembly.swift; sourceTree = "<group>"; };
		76B41EB7224EF3D400C1A290 /* GoogleService-Info.plist */ = {isa = PBXFileReference; fileEncoding = 4; lastKnownFileType = text.plist.xml; path = "GoogleService-Info.plist"; sourceTree = "<group>"; };
		76B41EBB2250C8C200C1A290 /* Coordinator.swift */ = {isa = PBXFileReference; lastKnownFileType = sourcecode.swift; path = Coordinator.swift; sourceTree = "<group>"; };
		76B41EBD2250C8ED00C1A290 /* AppCoordinator.swift */ = {isa = PBXFileReference; lastKnownFileType = sourcecode.swift; path = AppCoordinator.swift; sourceTree = "<group>"; };
		76B41EC32251271700C1A290 /* CoordinatorKey.swift */ = {isa = PBXFileReference; lastKnownFileType = sourcecode.swift; path = CoordinatorKey.swift; sourceTree = "<group>"; };
		76B41EC522520B0800C1A290 /* HomeCoordinator.swift */ = {isa = PBXFileReference; lastKnownFileType = sourcecode.swift; path = HomeCoordinator.swift; sourceTree = "<group>"; };
		76B41ECA2252149000C1A290 /* TabItem.swift */ = {isa = PBXFileReference; lastKnownFileType = sourcecode.swift; path = TabItem.swift; sourceTree = "<group>"; };
		76B41ED022522A1700C1A290 /* DiscoveryVC.swift */ = {isa = PBXFileReference; lastKnownFileType = sourcecode.swift; path = DiscoveryVC.swift; sourceTree = "<group>"; };
		76B41ED222522A4000C1A290 /* DiscoveryVM.swift */ = {isa = PBXFileReference; lastKnownFileType = sourcecode.swift; path = DiscoveryVM.swift; sourceTree = "<group>"; };
		76B41ED5225230EC00C1A290 /* ConversationsViewModel.swift */ = {isa = PBXFileReference; lastKnownFileType = sourcecode.swift; path = ConversationsViewModel.swift; sourceTree = "<group>"; };
		76B41ED72252312E00C1A290 /* ConversationsVC.swift */ = {isa = PBXFileReference; lastKnownFileType = sourcecode.swift; path = ConversationsVC.swift; sourceTree = "<group>"; };
		76B41ED92253381900C1A290 /* Images.swift */ = {isa = PBXFileReference; lastKnownFileType = sourcecode.swift; path = Images.swift; sourceTree = "<group>"; };
		76B41EDC225348BE00C1A290 /* NearByPlacesView.swift */ = {isa = PBXFileReference; lastKnownFileType = sourcecode.swift; path = NearByPlacesView.swift; sourceTree = "<group>"; };
		76B41EDF22534A6E00C1A290 /* UIViewExtension.swift */ = {isa = PBXFileReference; lastKnownFileType = sourcecode.swift; path = UIViewExtension.swift; sourceTree = "<group>"; };
		76B41EE122534C1C00C1A290 /* Metrics.swift */ = {isa = PBXFileReference; lastKnownFileType = sourcecode.swift; path = Metrics.swift; sourceTree = "<group>"; };
		76B41EE522535B3D00C1A290 /* Fonts.swift */ = {isa = PBXFileReference; lastKnownFileType = sourcecode.swift; path = Fonts.swift; sourceTree = "<group>"; };
		76B41EE82253871200C1A290 /* DiscoveryPlaceCell.swift */ = {isa = PBXFileReference; lastKnownFileType = sourcecode.swift; path = DiscoveryPlaceCell.swift; sourceTree = "<group>"; };
		770972422264FCF50042D6EE /* PlacesInteractor.swift */ = {isa = PBXFileReference; lastKnownFileType = sourcecode.swift; path = PlacesInteractor.swift; sourceTree = "<group>"; };
		772354D6226A040100BD1488 /* MapCoordinator.swift */ = {isa = PBXFileReference; fileEncoding = 4; lastKnownFileType = sourcecode.swift; path = MapCoordinator.swift; sourceTree = "<group>"; };
		772354D8226A045A00BD1488 /* PlaceInfo.swift */ = {isa = PBXFileReference; fileEncoding = 4; lastKnownFileType = sourcecode.swift; path = PlaceInfo.swift; sourceTree = "<group>"; };
		78B0F6AE7CF6C5CE4C06FA01 /* Pods-Dizzy.release.xcconfig */ = {isa = PBXFileReference; includeInIndex = 1; lastKnownFileType = text.xcconfig; name = "Pods-Dizzy.release.xcconfig"; path = "Pods/Target Support Files/Pods-Dizzy/Pods-Dizzy.release.xcconfig"; sourceTree = "<group>"; };
		E32798061D4068D236FB9EFB /* Pods_Dizzy.framework */ = {isa = PBXFileReference; explicitFileType = wrapper.framework; includeInIndex = 0; path = Pods_Dizzy.framework; sourceTree = BUILT_PRODUCTS_DIR; };
/* End PBXFileReference section */

/* Begin PBXFrameworksBuildPhase section */
		76B41E9D224EE9FA00C1A290 /* Frameworks */ = {
			isa = PBXFrameworksBuildPhase;
			buildActionMask = 2147483647;
			files = (
				50C3CDC80D9DEBCFA8064E87 /* Pods_Dizzy.framework in Frameworks */,
			);
			runOnlyForDeploymentPostprocessing = 0;
		};
/* End PBXFrameworksBuildPhase section */

/* Begin PBXGroup section */
		0415EC31225E57D5009BCBC7 /* Map */ = {
			isa = PBXGroup;
			children = (
				772354D6226A040100BD1488 /* MapCoordinator.swift */,
				04ECE40E2263B47800E10F70 /* MapVC.swift */,
				04ECE40C2263B47800E10F70 /* MapVM.swift */,
			);
			path = Map;
			sourceTree = "<group>";
		};
		041D95C12253D702009ED7AB /* Web Service */ = {
			isa = PBXGroup;
			children = (
				041D95C22253D733009ED7AB /* WebService.swift */,
				041D95C42253D84F009ED7AB /* WebResource.swift */,
				04D0CCF5225731880020DF8F /* FirebaseWebService.swift */,
				04D0CCF7225732220020DF8F /* WebServiceDispatcher.swift */,
			);
			path = "Web Service";
			sourceTree = "<group>";
		};
		76AC2B28225BBA78005B556F /* UI Components */ = {
			isa = PBXGroup;
			children = (
				76AC2B29225BBAF8005B556F /* LocationLabel.swift */,
				046ECB26226513F5000A5768 /* NavigationBuilder.swift */,
			);
			path = "UI Components";
			sourceTree = "<group>";
		};
		76B41E97224EE9FA00C1A290 = {
			isa = PBXGroup;
			children = (
				76B41EA2224EE9FA00C1A290 /* Dizzy */,
				76B41EA1224EE9FA00C1A290 /* Products */,
				96DEAE0556CCD7D266DF88E2 /* Pods */,
				E6980627A92DB44D8C6FEE6F /* Frameworks */,
			);
			sourceTree = "<group>";
		};
		76B41EA1224EE9FA00C1A290 /* Products */ = {
			isa = PBXGroup;
			children = (
				76B41EA0224EE9FA00C1A290 /* Dizzy.app */,
			);
			name = Products;
			sourceTree = "<group>";
		};
		76B41EA2224EE9FA00C1A290 /* Dizzy */ = {
			isa = PBXGroup;
			children = (
				76AC2B28225BBA78005B556F /* UI Components */,
				76B41EDE22534A4B00C1A290 /* Extensions */,
				76B41EDB225343DE00C1A290 /* Base entities */,
				041D95C12253D702009ED7AB /* Web Service */,
				76B41ECE225229DB00C1A290 /* Screens */,
				76B41EC92252145D00C1A290 /* Entities */,
				76B41EBA2250C87E00C1A290 /* Coordinators */,
				76B41EA3224EE9FA00C1A290 /* AppDelegate.swift */,
				76B41EAA224EE9FC00C1A290 /* Assets.xcassets */,
				76B41EAC224EE9FC00C1A290 /* LaunchScreen.storyboard */,
				76B41EAF224EE9FC00C1A290 /* Info.plist */,
				76B41EB5224EF16200C1A290 /* Assembly.swift */,
				76B41EB7224EF3D400C1A290 /* GoogleService-Info.plist */,
			);
			path = Dizzy;
			sourceTree = "<group>";
		};
		76B41EBA2250C87E00C1A290 /* Coordinators */ = {
			isa = PBXGroup;
			children = (
				76B41EBB2250C8C200C1A290 /* Coordinator.swift */,
				76B41EBD2250C8ED00C1A290 /* AppCoordinator.swift */,
				76B41EC32251271700C1A290 /* CoordinatorKey.swift */,
				76B41EC522520B0800C1A290 /* HomeCoordinator.swift */,
			);
			path = Coordinators;
			sourceTree = "<group>";
		};
		76B41EC92252145D00C1A290 /* Entities */ = {
			isa = PBXGroup;
			children = (
				772354D8226A045A00BD1488 /* PlaceInfo.swift */,
				76B41ECA2252149000C1A290 /* TabItem.swift */,
				76B41ED92253381900C1A290 /* Images.swift */,
				76B41EE122534C1C00C1A290 /* Metrics.swift */,
				76B41EE522535B3D00C1A290 /* Fonts.swift */,
				0415EC38225E6086009BCBC7 /* Observable.swift */,
				0415EC36225E5C1C009BCBC7 /* LocationProvider.swift */,
				04ECE4132263B4A900E10F70 /* GoogleMap.swift */,
			);
			path = Entities;
			sourceTree = "<group>";
		};
		76B41ECE225229DB00C1A290 /* Screens */ = {
			isa = PBXGroup;
			children = (
				76B41ED4225230B400C1A290 /* Conversations */,
				0415EC31225E57D5009BCBC7 /* Map */,
				76B41ECF225229EA00C1A290 /* Discovery */,
			);
			path = Screens;
			sourceTree = "<group>";
		};
		76B41ECF225229EA00C1A290 /* Discovery */ = {
			isa = PBXGroup;
			children = (
				76B41EE7225386AC00C1A290 /* Cells */,
				76B41ED022522A1700C1A290 /* DiscoveryVC.swift */,
				76B41ED222522A4000C1A290 /* DiscoveryVM.swift */,
				76B41EDC225348BE00C1A290 /* NearByPlacesView.swift */,
				76590E20225B459700E7986A /* PlacesListFlowLayout.swift */,
				76AC2B26225BB105005B556F /* DiscoveryTopBar.swift */,
				770972422264FCF50042D6EE /* PlacesInteractor.swift */,
			);
			path = Discovery;
			sourceTree = "<group>";
		};
		76B41ED4225230B400C1A290 /* Conversations */ = {
			isa = PBXGroup;
			children = (
				76B41ED5225230EC00C1A290 /* ConversationsViewModel.swift */,
				76B41ED72252312E00C1A290 /* ConversationsVC.swift */,
			);
			path = Conversations;
			sourceTree = "<group>";
		};
		76B41EDB225343DE00C1A290 /* Base entities */ = {
			isa = PBXGroup;
			children = (
				04D0CD6F225A96E00020DF8F /* ViewController.swift */,
			);
			path = "Base entities";
			sourceTree = "<group>";
		};
		76B41EDE22534A4B00C1A290 /* Extensions */ = {
			isa = PBXGroup;
			children = (
				76B41EDF22534A6E00C1A290 /* UIViewExtension.swift */,
			);
			path = Extensions;
			sourceTree = "<group>";
		};
		76B41EE7225386AC00C1A290 /* Cells */ = {
			isa = PBXGroup;
			children = (
				76B41EE82253871200C1A290 /* DiscoveryPlaceCell.swift */,
			);
			path = Cells;
			sourceTree = "<group>";
		};
		96DEAE0556CCD7D266DF88E2 /* Pods */ = {
			isa = PBXGroup;
			children = (
				4CA0B580B065DE26AAE28FE8 /* Pods-Dizzy.debug.xcconfig */,
				78B0F6AE7CF6C5CE4C06FA01 /* Pods-Dizzy.release.xcconfig */,
			);
			name = Pods;
			sourceTree = "<group>";
		};
		E6980627A92DB44D8C6FEE6F /* Frameworks */ = {
			isa = PBXGroup;
			children = (
				E32798061D4068D236FB9EFB /* Pods_Dizzy.framework */,
			);
			name = Frameworks;
			sourceTree = "<group>";
		};
/* End PBXGroup section */

/* Begin PBXNativeTarget section */
		76B41E9F224EE9FA00C1A290 /* Dizzy */ = {
			isa = PBXNativeTarget;
			buildConfigurationList = 76B41EB2224EE9FC00C1A290 /* Build configuration list for PBXNativeTarget "Dizzy" */;
			buildPhases = (
				745ACD9C07E96F8816BF9F7F /* [CP] Check Pods Manifest.lock */,
				76B41E9C224EE9FA00C1A290 /* Sources */,
				76B41EB9224EF60300C1A290 /* Swiftlint */,
				76B41E9D224EE9FA00C1A290 /* Frameworks */,
				76B41E9E224EE9FA00C1A290 /* Resources */,
				8086389A7C6A932674403B30 /* [CP] Embed Pods Frameworks */,
				547EF7ED38B32D9E87132833 /* [CP] Copy Pods Resources */,
			);
			buildRules = (
			);
			dependencies = (
			);
			name = Dizzy;
			productName = Dizzy;
			productReference = 76B41EA0224EE9FA00C1A290 /* Dizzy.app */;
			productType = "com.apple.product-type.application";
		};
/* End PBXNativeTarget section */

/* Begin PBXProject section */
		76B41E98224EE9FA00C1A290 /* Project object */ = {
			isa = PBXProject;
			attributes = {
				LastSwiftUpdateCheck = 1010;
				LastUpgradeCheck = 1010;
				ORGANIZATIONNAME = Dizzy;
				TargetAttributes = {
					76B41E9F224EE9FA00C1A290 = {
						CreatedOnToolsVersion = 10.1;
					};
				};
			};
			buildConfigurationList = 76B41E9B224EE9FA00C1A290 /* Build configuration list for PBXProject "Dizzy" */;
			compatibilityVersion = "Xcode 9.3";
			developmentRegion = en;
			hasScannedForEncodings = 0;
			knownRegions = (
				en,
				Base,
			);
			mainGroup = 76B41E97224EE9FA00C1A290;
			productRefGroup = 76B41EA1224EE9FA00C1A290 /* Products */;
			projectDirPath = "";
			projectRoot = "";
			targets = (
				76B41E9F224EE9FA00C1A290 /* Dizzy */,
			);
		};
/* End PBXProject section */

/* Begin PBXResourcesBuildPhase section */
		76B41E9E224EE9FA00C1A290 /* Resources */ = {
			isa = PBXResourcesBuildPhase;
			buildActionMask = 2147483647;
			files = (
				76B41EAE224EE9FC00C1A290 /* LaunchScreen.storyboard in Resources */,
				76B41EAB224EE9FC00C1A290 /* Assets.xcassets in Resources */,
				76B41EB8224EF3D400C1A290 /* GoogleService-Info.plist in Resources */,
			);
			runOnlyForDeploymentPostprocessing = 0;
		};
/* End PBXResourcesBuildPhase section */

/* Begin PBXShellScriptBuildPhase section */
		547EF7ED38B32D9E87132833 /* [CP] Copy Pods Resources */ = {
			isa = PBXShellScriptBuildPhase;
			buildActionMask = 2147483647;
			files = (
			);
			inputFileListPaths = (
			);
			inputPaths = (
				"${PODS_ROOT}/Target Support Files/Pods-Dizzy/Pods-Dizzy-resources.sh",
				"${PODS_ROOT}/GoogleMaps/Maps/Frameworks/GoogleMaps.framework/Resources/GoogleMaps.bundle",
				"${PODS_ROOT}/GooglePlaces/Frameworks/GooglePlaces.framework/Resources/GooglePlaces.bundle",
			);
			name = "[CP] Copy Pods Resources";
			outputFileListPaths = (
			);
			outputPaths = (
				"${TARGET_BUILD_DIR}/${UNLOCALIZED_RESOURCES_FOLDER_PATH}/GoogleMaps.bundle",
				"${TARGET_BUILD_DIR}/${UNLOCALIZED_RESOURCES_FOLDER_PATH}/GooglePlaces.bundle",
			);
			runOnlyForDeploymentPostprocessing = 0;
			shellPath = /bin/sh;
			shellScript = "\"${PODS_ROOT}/Target Support Files/Pods-Dizzy/Pods-Dizzy-resources.sh\"\n";
			showEnvVarsInLog = 0;
		};
		745ACD9C07E96F8816BF9F7F /* [CP] Check Pods Manifest.lock */ = {
			isa = PBXShellScriptBuildPhase;
			buildActionMask = 2147483647;
			files = (
			);
			inputPaths = (
				"${PODS_PODFILE_DIR_PATH}/Podfile.lock",
				"${PODS_ROOT}/Manifest.lock",
			);
			name = "[CP] Check Pods Manifest.lock";
			outputPaths = (
				"$(DERIVED_FILE_DIR)/Pods-Dizzy-checkManifestLockResult.txt",
			);
			runOnlyForDeploymentPostprocessing = 0;
			shellPath = /bin/sh;
			shellScript = "diff \"${PODS_PODFILE_DIR_PATH}/Podfile.lock\" \"${PODS_ROOT}/Manifest.lock\" > /dev/null\nif [ $? != 0 ] ; then\n    # print error to STDERR\n    echo \"error: The sandbox is not in sync with the Podfile.lock. Run 'pod install' or update your CocoaPods installation.\" >&2\n    exit 1\nfi\n# This output is used by Xcode 'outputs' to avoid re-running this script phase.\necho \"SUCCESS\" > \"${SCRIPT_OUTPUT_FILE_0}\"\n";
			showEnvVarsInLog = 0;
		};
		76B41EB9224EF60300C1A290 /* Swiftlint */ = {
			isa = PBXShellScriptBuildPhase;
			buildActionMask = 2147483647;
			files = (
			);
			inputFileListPaths = (
			);
			inputPaths = (
			);
			name = Swiftlint;
			outputFileListPaths = (
			);
			outputPaths = (
			);
			runOnlyForDeploymentPostprocessing = 0;
			shellPath = /bin/sh;
			shellScript = "\"${PODS_ROOT}/SwiftLint/swiftlint\" lint | sed 's/warning:/error:/g'\n";
		};
		8086389A7C6A932674403B30 /* [CP] Embed Pods Frameworks */ = {
			isa = PBXShellScriptBuildPhase;
			buildActionMask = 2147483647;
			files = (
			);
			inputPaths = (
				"${PODS_ROOT}/Target Support Files/Pods-Dizzy/Pods-Dizzy-frameworks.sh",
				"${BUILT_PRODUCTS_DIR}/GoogleUtilities/GoogleUtilities.framework",
				"${BUILT_PRODUCTS_DIR}/SnapKit/SnapKit.framework",
				"${BUILT_PRODUCTS_DIR}/Swinject/Swinject.framework",
				"${BUILT_PRODUCTS_DIR}/SwinjectAutoregistration/SwinjectAutoregistration.framework",
				"${BUILT_PRODUCTS_DIR}/leveldb-library/leveldb.framework",
				"${BUILT_PRODUCTS_DIR}/nanopb/nanopb.framework",
			);
			name = "[CP] Embed Pods Frameworks";
			outputPaths = (
				"${TARGET_BUILD_DIR}/${FRAMEWORKS_FOLDER_PATH}/GoogleUtilities.framework",
				"${TARGET_BUILD_DIR}/${FRAMEWORKS_FOLDER_PATH}/SnapKit.framework",
				"${TARGET_BUILD_DIR}/${FRAMEWORKS_FOLDER_PATH}/Swinject.framework",
				"${TARGET_BUILD_DIR}/${FRAMEWORKS_FOLDER_PATH}/SwinjectAutoregistration.framework",
				"${TARGET_BUILD_DIR}/${FRAMEWORKS_FOLDER_PATH}/leveldb.framework",
				"${TARGET_BUILD_DIR}/${FRAMEWORKS_FOLDER_PATH}/nanopb.framework",
			);
			runOnlyForDeploymentPostprocessing = 0;
			shellPath = /bin/sh;
			shellScript = "\"${PODS_ROOT}/Target Support Files/Pods-Dizzy/Pods-Dizzy-frameworks.sh\"\n";
			showEnvVarsInLog = 0;
		};
/* End PBXShellScriptBuildPhase section */

/* Begin PBXSourcesBuildPhase section */
		76B41E9C224EE9FA00C1A290 /* Sources */ = {
			isa = PBXSourcesBuildPhase;
			buildActionMask = 2147483647;
			files = (
				04D0CD70225A96E00020DF8F /* ViewController.swift in Sources */,
				76B41EBE2250C8ED00C1A290 /* AppCoordinator.swift in Sources */,
				04D0CCF8225732220020DF8F /* WebServiceDispatcher.swift in Sources */,
				041D95C52253D84F009ED7AB /* WebResource.swift in Sources */,
				76AC2B2A225BBAF8005B556F /* LocationLabel.swift in Sources */,
				04ECE4112263B47800E10F70 /* MapVC.swift in Sources */,
				041D95C32253D733009ED7AB /* WebService.swift in Sources */,
				76B41EC42251271700C1A290 /* CoordinatorKey.swift in Sources */,
				76B41EE622535B3D00C1A290 /* Fonts.swift in Sources */,
				76B41ED122522A1700C1A290 /* DiscoveryVC.swift in Sources */,
				770972432264FCF50042D6EE /* PlacesInteractor.swift in Sources */,
				76B41EDD225348BE00C1A290 /* NearByPlacesView.swift in Sources */,
				0415EC37225E5C1C009BCBC7 /* LocationProvider.swift in Sources */,
				76B41EE92253871200C1A290 /* DiscoveryPlaceCell.swift in Sources */,
				04D0CCF6225731890020DF8F /* FirebaseWebService.swift in Sources */,
				04ECE40F2263B47800E10F70 /* MapVM.swift in Sources */,
				76B41ED82252312E00C1A290 /* ConversationsVC.swift in Sources */,
				772354D9226A045A00BD1488 /* PlaceInfo.swift in Sources */,
				76B41ED6225230EC00C1A290 /* ConversationsViewModel.swift in Sources */,
				76B41EE022534A6E00C1A290 /* UIViewExtension.swift in Sources */,
				76B41EBC2250C8C200C1A290 /* Coordinator.swift in Sources */,
				046ECB27226513F5000A5768 /* NavigationBuilder.swift in Sources */,
				76AC2B27225BB105005B556F /* DiscoveryTopBar.swift in Sources */,
				76B41ED322522A4000C1A290 /* DiscoveryVM.swift in Sources */,
				76B41EDA2253381900C1A290 /* Images.swift in Sources */,
				76B41EE222534C1C00C1A290 /* Metrics.swift in Sources */,
				76B41EB6224EF16200C1A290 /* Assembly.swift in Sources */,
				772354D7226A040100BD1488 /* MapCoordinator.swift in Sources */,
				04ECE4142263B4A900E10F70 /* GoogleMap.swift in Sources */,
				0415EC39225E6086009BCBC7 /* Observable.swift in Sources */,
				76B41EC622520B0800C1A290 /* HomeCoordinator.swift in Sources */,
				76590E21225B459700E7986A /* PlacesListFlowLayout.swift in Sources */,
				76B41EA4224EE9FA00C1A290 /* AppDelegate.swift in Sources */,
				76B41ECB2252149000C1A290 /* TabItem.swift in Sources */,
			);
			runOnlyForDeploymentPostprocessing = 0;
		};
/* End PBXSourcesBuildPhase section */

/* Begin PBXVariantGroup section */
		76B41EAC224EE9FC00C1A290 /* LaunchScreen.storyboard */ = {
			isa = PBXVariantGroup;
			children = (
				76B41EAD224EE9FC00C1A290 /* Base */,
			);
			name = LaunchScreen.storyboard;
			sourceTree = "<group>";
		};
/* End PBXVariantGroup section */

/* Begin XCBuildConfiguration section */
		76B41EB0224EE9FC00C1A290 /* Debug */ = {
			isa = XCBuildConfiguration;
			buildSettings = {
				ALWAYS_SEARCH_USER_PATHS = NO;
				CLANG_ANALYZER_NONNULL = YES;
				CLANG_ANALYZER_NUMBER_OBJECT_CONVERSION = YES_AGGRESSIVE;
				CLANG_CXX_LANGUAGE_STANDARD = "gnu++14";
				CLANG_CXX_LIBRARY = "libc++";
				CLANG_ENABLE_MODULES = YES;
				CLANG_ENABLE_OBJC_ARC = YES;
				CLANG_ENABLE_OBJC_WEAK = YES;
				CLANG_WARN_BLOCK_CAPTURE_AUTORELEASING = YES;
				CLANG_WARN_BOOL_CONVERSION = YES;
				CLANG_WARN_COMMA = YES;
				CLANG_WARN_CONSTANT_CONVERSION = YES;
				CLANG_WARN_DEPRECATED_OBJC_IMPLEMENTATIONS = YES;
				CLANG_WARN_DIRECT_OBJC_ISA_USAGE = YES_ERROR;
				CLANG_WARN_DOCUMENTATION_COMMENTS = YES;
				CLANG_WARN_EMPTY_BODY = YES;
				CLANG_WARN_ENUM_CONVERSION = YES;
				CLANG_WARN_INFINITE_RECURSION = YES;
				CLANG_WARN_INT_CONVERSION = YES;
				CLANG_WARN_NON_LITERAL_NULL_CONVERSION = YES;
				CLANG_WARN_OBJC_IMPLICIT_RETAIN_SELF = YES;
				CLANG_WARN_OBJC_LITERAL_CONVERSION = YES;
				CLANG_WARN_OBJC_ROOT_CLASS = YES_ERROR;
				CLANG_WARN_RANGE_LOOP_ANALYSIS = YES;
				CLANG_WARN_STRICT_PROTOTYPES = YES;
				CLANG_WARN_SUSPICIOUS_MOVE = YES;
				CLANG_WARN_UNGUARDED_AVAILABILITY = YES_AGGRESSIVE;
				CLANG_WARN_UNREACHABLE_CODE = YES;
				CLANG_WARN__DUPLICATE_METHOD_MATCH = YES;
				CODE_SIGN_IDENTITY = "iPhone Developer";
				COPY_PHASE_STRIP = NO;
				DEBUG_INFORMATION_FORMAT = dwarf;
				ENABLE_STRICT_OBJC_MSGSEND = YES;
				ENABLE_TESTABILITY = YES;
				GCC_C_LANGUAGE_STANDARD = gnu11;
				GCC_DYNAMIC_NO_PIC = NO;
				GCC_NO_COMMON_BLOCKS = YES;
				GCC_OPTIMIZATION_LEVEL = 0;
				GCC_PREPROCESSOR_DEFINITIONS = (
					"DEBUG=1",
					"$(inherited)",
				);
				GCC_TREAT_WARNINGS_AS_ERRORS = YES;
				GCC_WARN_64_TO_32_BIT_CONVERSION = YES;
				GCC_WARN_ABOUT_RETURN_TYPE = YES_ERROR;
				GCC_WARN_UNDECLARED_SELECTOR = YES;
				GCC_WARN_UNINITIALIZED_AUTOS = YES_AGGRESSIVE;
				GCC_WARN_UNUSED_FUNCTION = YES;
				GCC_WARN_UNUSED_VARIABLE = YES;
				IPHONEOS_DEPLOYMENT_TARGET = 12.1;
				MTL_ENABLE_DEBUG_INFO = INCLUDE_SOURCE;
				MTL_FAST_MATH = YES;
				ONLY_ACTIVE_ARCH = YES;
				SDKROOT = iphoneos;
				SWIFT_ACTIVE_COMPILATION_CONDITIONS = DEBUG;
				SWIFT_OPTIMIZATION_LEVEL = "-Onone";
			};
			name = Debug;
		};
		76B41EB1224EE9FC00C1A290 /* Release */ = {
			isa = XCBuildConfiguration;
			buildSettings = {
				ALWAYS_SEARCH_USER_PATHS = NO;
				CLANG_ANALYZER_NONNULL = YES;
				CLANG_ANALYZER_NUMBER_OBJECT_CONVERSION = YES_AGGRESSIVE;
				CLANG_CXX_LANGUAGE_STANDARD = "gnu++14";
				CLANG_CXX_LIBRARY = "libc++";
				CLANG_ENABLE_MODULES = YES;
				CLANG_ENABLE_OBJC_ARC = YES;
				CLANG_ENABLE_OBJC_WEAK = YES;
				CLANG_WARN_BLOCK_CAPTURE_AUTORELEASING = YES;
				CLANG_WARN_BOOL_CONVERSION = YES;
				CLANG_WARN_COMMA = YES;
				CLANG_WARN_CONSTANT_CONVERSION = YES;
				CLANG_WARN_DEPRECATED_OBJC_IMPLEMENTATIONS = YES;
				CLANG_WARN_DIRECT_OBJC_ISA_USAGE = YES_ERROR;
				CLANG_WARN_DOCUMENTATION_COMMENTS = YES;
				CLANG_WARN_EMPTY_BODY = YES;
				CLANG_WARN_ENUM_CONVERSION = YES;
				CLANG_WARN_INFINITE_RECURSION = YES;
				CLANG_WARN_INT_CONVERSION = YES;
				CLANG_WARN_NON_LITERAL_NULL_CONVERSION = YES;
				CLANG_WARN_OBJC_IMPLICIT_RETAIN_SELF = YES;
				CLANG_WARN_OBJC_LITERAL_CONVERSION = YES;
				CLANG_WARN_OBJC_ROOT_CLASS = YES_ERROR;
				CLANG_WARN_RANGE_LOOP_ANALYSIS = YES;
				CLANG_WARN_STRICT_PROTOTYPES = YES;
				CLANG_WARN_SUSPICIOUS_MOVE = YES;
				CLANG_WARN_UNGUARDED_AVAILABILITY = YES_AGGRESSIVE;
				CLANG_WARN_UNREACHABLE_CODE = YES;
				CLANG_WARN__DUPLICATE_METHOD_MATCH = YES;
				CODE_SIGN_IDENTITY = "iPhone Developer";
				COPY_PHASE_STRIP = NO;
				DEBUG_INFORMATION_FORMAT = "dwarf-with-dsym";
				ENABLE_NS_ASSERTIONS = NO;
				ENABLE_STRICT_OBJC_MSGSEND = YES;
				GCC_C_LANGUAGE_STANDARD = gnu11;
				GCC_NO_COMMON_BLOCKS = YES;
				GCC_TREAT_WARNINGS_AS_ERRORS = YES;
				GCC_WARN_64_TO_32_BIT_CONVERSION = YES;
				GCC_WARN_ABOUT_RETURN_TYPE = YES_ERROR;
				GCC_WARN_UNDECLARED_SELECTOR = YES;
				GCC_WARN_UNINITIALIZED_AUTOS = YES_AGGRESSIVE;
				GCC_WARN_UNUSED_FUNCTION = YES;
				GCC_WARN_UNUSED_VARIABLE = YES;
				IPHONEOS_DEPLOYMENT_TARGET = 12.1;
				MTL_ENABLE_DEBUG_INFO = NO;
				MTL_FAST_MATH = YES;
				SDKROOT = iphoneos;
				SWIFT_COMPILATION_MODE = wholemodule;
				SWIFT_OPTIMIZATION_LEVEL = "-O";
				VALIDATE_PRODUCT = YES;
			};
			name = Release;
		};
		76B41EB3224EE9FC00C1A290 /* Debug */ = {
			isa = XCBuildConfiguration;
			baseConfigurationReference = 4CA0B580B065DE26AAE28FE8 /* Pods-Dizzy.debug.xcconfig */;
			buildSettings = {
				ASSETCATALOG_COMPILER_APPICON_NAME = AppIcon;
				CODE_SIGN_STYLE = Automatic;
				INFOPLIST_FILE = Dizzy/Info.plist;
				LD_RUNPATH_SEARCH_PATHS = (
					"$(inherited)",
					"@executable_path/Frameworks",
				);
				PRODUCT_BUNDLE_IDENTIFIER = com.Dizzy.Dizzy;
				PRODUCT_NAME = "$(TARGET_NAME)";
				SWIFT_VERSION = 4.2;
				TARGETED_DEVICE_FAMILY = 1;
			};
			name = Debug;
		};
		76B41EB4224EE9FC00C1A290 /* Release */ = {
			isa = XCBuildConfiguration;
			baseConfigurationReference = 78B0F6AE7CF6C5CE4C06FA01 /* Pods-Dizzy.release.xcconfig */;
			buildSettings = {
				ASSETCATALOG_COMPILER_APPICON_NAME = AppIcon;
				CODE_SIGN_STYLE = Automatic;
				INFOPLIST_FILE = Dizzy/Info.plist;
				LD_RUNPATH_SEARCH_PATHS = (
					"$(inherited)",
					"@executable_path/Frameworks",
				);
				PRODUCT_BUNDLE_IDENTIFIER = com.Dizzy.Dizzy;
				PRODUCT_NAME = "$(TARGET_NAME)";
				SWIFT_VERSION = 4.2;
				TARGETED_DEVICE_FAMILY = 1;
			};
			name = Release;
		};
/* End XCBuildConfiguration section */

/* Begin XCConfigurationList section */
		76B41E9B224EE9FA00C1A290 /* Build configuration list for PBXProject "Dizzy" */ = {
			isa = XCConfigurationList;
			buildConfigurations = (
				76B41EB0224EE9FC00C1A290 /* Debug */,
				76B41EB1224EE9FC00C1A290 /* Release */,
			);
			defaultConfigurationIsVisible = 0;
			defaultConfigurationName = Release;
		};
		76B41EB2224EE9FC00C1A290 /* Build configuration list for PBXNativeTarget "Dizzy" */ = {
			isa = XCConfigurationList;
			buildConfigurations = (
				76B41EB3224EE9FC00C1A290 /* Debug */,
				76B41EB4224EE9FC00C1A290 /* Release */,
			);
			defaultConfigurationIsVisible = 0;
			defaultConfigurationName = Release;
		};
/* End XCConfigurationList section */
	};
	rootObject = 76B41E98224EE9FA00C1A290 /* Project object */;
}
